Microsoft Visual Studio Solution File, Format Version 12.00
# Visual Studio Version 17
VisualStudioVersion = 17.9.34414.90
MinimumVisualStudioVersion = 10.0.40219.1
Project("{2150E333-8FDC-42A3-9474-1A3956D46DE8}") = "utils", "utils", "{89F6A7EE-3BBE-45D3-A8A8-5D9366CD987B}"
EndProject
Project("{2150E333-8FDC-42A3-9474-1A3956D46DE8}") = "dedicated", "dedicated", "{3FC858CB-4888-42FF-ABC5-82DAECB59C2C}"
EndProject
Project("{2150E333-8FDC-42A3-9474-1A3956D46DE8}") = "3rd party", "3rd party", "{2BFC806B-CE92-4EA4-8FE8-5F2EA54BA348}"
EndProject
Project("{2150E333-8FDC-42A3-9474-1A3956D46DE8}") = "cximage", "cximage", "{8D7A67B7-7CBA-4E8F-835F-76BD34446767}"
EndProject
Project("{8BC9CEB8-8B4A-11D0-8D11-00A0C91BC942}") = "ode", "3rd party\ode\contrib\msvc7\ode_default\default.vcxproj", "{1BF75FEB-87DD-486C-880B-227987D191C2}"
EndProject
Project("{8BC9CEB8-8B4A-11D0-8D11-00A0C91BC942}") = "openal32", "3rd party\openal\OpenAL-Windows\Router\Router.vcxproj", "{566551F4-4EF1-4CB4-A131-F982E7606907}"
EndProject
Project("{8BC9CEB8-8B4A-11D0-8D11-00A0C91BC942}") = "xrD3D9-Null", "xrD3D9-Null\xrD3D9-Null.vcxproj", "{0899B131-F1D4-4876-9BA1-67AC821DB9E1}"
EndProject
Project("{8BC9CEB8-8B4A-11D0-8D11-00A0C91BC942}") = "xrCompress", "utils\xrCompress\xrCompress.vcxproj", "{EF76867B-6EB8-4DC0-A1D6-E964FAD6FC7B}"
EndProject
Project("{8BC9CEB8-8B4A-11D0-8D11-00A0C91BC942}") = "xrCDB", "xrCDB\xrCDB.vcxproj", "{A19B1DF2-82EC-4364-8BDF-85D13A1C89B5}"
EndProject
Project("{8BC9CEB8-8B4A-11D0-8D11-00A0C91BC942}") = "xrCore", "xrCore\xrCore.vcxproj", "{A0F7D1FB-59A7-4717-A7E4-96F37E91998E}"
EndProject
Project("{8BC9CEB8-8B4A-11D0-8D11-00A0C91BC942}") = "xrCPU_Pipe", "xrCPU_Pipe\xrCPU_Pipe.vcxproj", "{CA0649DD-D089-423A-981C-46B57A884EB9}"
EndProject
Project("{8BC9CEB8-8B4A-11D0-8D11-00A0C91BC942}") = "xrGame", "xrGame\xrGame.vcxproj", "{200652A6-043E-4634-8837-87983B3BD5E0}"
EndProject
Project("{8BC9CEB8-8B4A-11D0-8D11-00A0C91BC942}") = "xrGameSpy", "xrGameSpy\xrGameSpy.vcxproj", "{5535F6B4-7AE6-4B66-8AEA-CC31C14D7AB7}"
EndProject
Project("{8BC9CEB8-8B4A-11D0-8D11-00A0C91BC942}") = "xrNetServer", "xrNetServer\xrNetServer.vcxproj", "{435BAC9A-B225-457D-AB40-C9BD0CC8838C}"
EndProject
Project("{8BC9CEB8-8B4A-11D0-8D11-00A0C91BC942}") = "xrParticles", "xrParticles\xrParticles.vcxproj", "{94A1C366-3D19-48E6-8170-4ADC2E70DF97}"
EndProject
Project("{8BC9CEB8-8B4A-11D0-8D11-00A0C91BC942}") = "xrRender_R1", "Layers\xrRenderPC_R1\xrRender_R1.vcxproj", "{57A498C9-A741-4DDF-8EFC-BFB9EB6B00E2}"
EndProject
Project("{8BC9CEB8-8B4A-11D0-8D11-00A0C91BC942}") = "xrSound", "xrSound\xrSound.vcxproj", "{CCCA7859-EB86-493E-9B53-C4235F45B3C5}"
EndProject
Project("{8BC9CEB8-8B4A-11D0-8D11-00A0C91BC942}") = "xrXMLParser", "xrXMLParser\xrXMLParser.vcxproj", "{94A1C366-3D19-48E6-8170-4ADC2E70DF98}"
EndProject
Project("{8BC9CEB8-8B4A-11D0-8D11-00A0C91BC942}") = "xrAPI", "Layers\xrAPI\xrAPI.vcxproj", "{1DAEC516-E52C-4A3C-A4DA-AE3553E6E0F8}"
EndProject
Project("{8BC9CEB8-8B4A-11D0-8D11-00A0C91BC942}") = "xrEngine", "xrEngine\xrEngine.vcxproj", "{2578C6D8-660D-48AE-9322-7422F8664F06}"
EndProject
Project("{8BC9CEB8-8B4A-11D0-8D11-00A0C91BC942}") = "xrPhysics", "xrPhysics\xrPhysics.vcxproj", "{98D24A3D-7666-4C11-9D6E-B10393CE8CBA}"
EndProject
Project("{8BC9CEB8-8B4A-11D0-8D11-00A0C91BC942}") = "CxImage", "3rd party\cximage\CxImage\cximage.vcxproj", "{880CD250-BA77-4DAF-A8D4-552F12DD3AE4}"
EndProject
Project("{8BC9CEB8-8B4A-11D0-8D11-00A0C91BC942}") = "jpeg", "3rd party\cximage\jpeg\Jpeg.vcxproj", "{E6343391-13FC-479E-B62F-1C24F7B85408}"
EndProject
Project("{8BC9CEB8-8B4A-11D0-8D11-00A0C91BC942}") = "crypto", "3rd party\crypto\crypto.vcxproj", "{FA169092-EA3E-40C1-8E5A-A2B575700FE8}"
EndProject
Project("{8BC9CEB8-8B4A-11D0-8D11-00A0C91BC942}") = "xrRender_R4", "Layers\xrRenderPC_R4\xrRender_R4.vcxproj", "{AC9B12ED-A2D7-4337-A981-5BD8430E96D8}"
EndProject
Project("{8BC9CEB8-8B4A-11D0-8D11-00A0C91BC942}") = "xrScripts", "xrScripts\xrScripts.vcxproj", "{CC52E0B3-CC35-4934-9302-035B748F3F2C}"
EndProject
Project("{2150E333-8FDC-42A3-9474-1A3956D46DE8}") = "SDK", "SDK", "{4C49D3C1-429A-432B-9D0C-EE44310D725F}"
EndProject
Project("{8BC9CEB8-8B4A-11D0-8D11-00A0C91BC942}") = "libogg_static", "..\SDK\sources\libogg-1.1.4\win32\VS2019\libogg_static.vcxproj", "{15CBFEFF-7965-41F5-B4E2-21E8795C9159}"
EndProject
Project("{8BC9CEB8-8B4A-11D0-8D11-00A0C91BC942}") = "libtheora_static", "..\SDK\sources\libtheora-1.1.1\win32\VS2019\libtheora\libtheora_static.vcxproj", "{653F3841-3F26-49B9-AFCF-091DB4B67031}"
EndProject
Project("{8BC9CEB8-8B4A-11D0-8D11-00A0C91BC942}") = "libvorbis_static", "..\SDK\sources\libvorbis-1.2.3\win32\VS2019\libvorbis\libvorbis_static.vcxproj", "{3A214E06-B95E-4D61-A291-1F8DF2EC10FD}"
EndProject
Project("{8BC9CEB8-8B4A-11D0-8D11-00A0C91BC942}") = "oalib", "..\SDK\sources\OpenAutomate\oalib\oalib.vcxproj", "{61D4856F-FA82-4F02-BB88-909DDFB1FE74}"
EndProject
Project("{8BC9CEB8-8B4A-11D0-8D11-00A0C91BC942}") = "opus", "..\SDK\sources\opus-1.4\win32\VS2019\opus.vcxproj", "{219EC965-228A-1824-174D-96449D05F88A}"
EndProject
Project("{8BC9CEB8-8B4A-11D0-8D11-00A0C91BC942}") = "libspeexdsp", "..\SDK\sources\speexdsp\win32\VS2008\libspeexdsp\libspeexdsp.vcxproj", "{03207781-0D1C-4DB3-A71D-45C608F28DBD}"
EndProject
Global
	GlobalSection(SolutionConfigurationPlatforms) = preSolution
		Debug|Win32 = Debug|Win32
		Debug|x64 = Debug|x64
		Debug|Xbox 360 = Debug|Xbox 360
		Release_Dedicated|Win32 = Release_Dedicated|Win32
		Release_Dedicated|x64 = Release_Dedicated|x64
		Release_Dedicated|Xbox 360 = Release_Dedicated|Xbox 360
		Release_SSE|Win32 = Release_SSE|Win32
		Release_SSE|x64 = Release_SSE|x64
		Release_SSE|Xbox 360 = Release_SSE|Xbox 360
		Release_SSE2|Win32 = Release_SSE2|Win32
		Release_SSE2|x64 = Release_SSE2|x64
		Release_SSE2|Xbox 360 = Release_SSE2|Xbox 360
		Release|Win32 = Release|Win32
		Release|x64 = Release|x64
		Release|Xbox 360 = Release|Xbox 360
	EndGlobalSection
	GlobalSection(ProjectConfigurationPlatforms) = postSolution
		{1BF75FEB-87DD-486C-880B-227987D191C2}.Debug|Win32.ActiveCfg = Release|Win32
		{1BF75FEB-87DD-486C-880B-227987D191C2}.Debug|Win32.Build.0 = Release|Win32
		{1BF75FEB-87DD-486C-880B-227987D191C2}.Debug|x64.ActiveCfg = Release|x64
		{1BF75FEB-87DD-486C-880B-227987D191C2}.Debug|x64.Build.0 = Release|x64
		{1BF75FEB-87DD-486C-880B-227987D191C2}.Debug|Xbox 360.ActiveCfg = Release|x64
		{1BF75FEB-87DD-486C-880B-227987D191C2}.Debug|Xbox 360.Build.0 = Release|x64
		{1BF75FEB-87DD-486C-880B-227987D191C2}.Release_Dedicated|Win32.ActiveCfg = Release|Win32
		{1BF75FEB-87DD-486C-880B-227987D191C2}.Release_Dedicated|x64.ActiveCfg = Release|x64
		{1BF75FEB-87DD-486C-880B-227987D191C2}.Release_Dedicated|x64.Build.0 = Release|x64
		{1BF75FEB-87DD-486C-880B-227987D191C2}.Release_Dedicated|Xbox 360.ActiveCfg = Release|Win32
		{1BF75FEB-87DD-486C-880B-227987D191C2}.Release_Dedicated|Xbox 360.Build.0 = Release|Win32
		{1BF75FEB-87DD-486C-880B-227987D191C2}.Release_SSE|Win32.ActiveCfg = Release|Win32
		{1BF75FEB-87DD-486C-880B-227987D191C2}.Release_SSE|Win32.Build.0 = Release|Win32
		{1BF75FEB-87DD-486C-880B-227987D191C2}.Release_SSE|x64.ActiveCfg = Release|x64
		{1BF75FEB-87DD-486C-880B-227987D191C2}.Release_SSE|x64.Build.0 = Release|x64
		{1BF75FEB-87DD-486C-880B-227987D191C2}.Release_SSE|Xbox 360.ActiveCfg = Release|x64
		{1BF75FEB-87DD-486C-880B-227987D191C2}.Release_SSE|Xbox 360.Build.0 = Release|x64
		{1BF75FEB-87DD-486C-880B-227987D191C2}.Release_SSE2|Win32.ActiveCfg = Release|Win32
		{1BF75FEB-87DD-486C-880B-227987D191C2}.Release_SSE2|Win32.Build.0 = Release|Win32
		{1BF75FEB-87DD-486C-880B-227987D191C2}.Release_SSE2|x64.ActiveCfg = Release|x64
		{1BF75FEB-87DD-486C-880B-227987D191C2}.Release_SSE2|x64.Build.0 = Release|x64
		{1BF75FEB-87DD-486C-880B-227987D191C2}.Release_SSE2|Xbox 360.ActiveCfg = Release|x64
		{1BF75FEB-87DD-486C-880B-227987D191C2}.Release_SSE2|Xbox 360.Build.0 = Release|x64
		{1BF75FEB-87DD-486C-880B-227987D191C2}.Release|Win32.ActiveCfg = Release|Win32
		{1BF75FEB-87DD-486C-880B-227987D191C2}.Release|Win32.Build.0 = Release|Win32
		{1BF75FEB-87DD-486C-880B-227987D191C2}.Release|x64.ActiveCfg = Release|x64
		{1BF75FEB-87DD-486C-880B-227987D191C2}.Release|x64.Build.0 = Release|x64
		{1BF75FEB-87DD-486C-880B-227987D191C2}.Release|Xbox 360.ActiveCfg = Release|Win32
		{566551F4-4EF1-4CB4-A131-F982E7606907}.Debug|Win32.ActiveCfg = Release|Win32
		{566551F4-4EF1-4CB4-A131-F982E7606907}.Debug|Win32.Build.0 = Release|Win32
		{566551F4-4EF1-4CB4-A131-F982E7606907}.Debug|x64.ActiveCfg = Release|x64
		{566551F4-4EF1-4CB4-A131-F982E7606907}.Debug|x64.Build.0 = Release|x64
		{566551F4-4EF1-4CB4-A131-F982E7606907}.Debug|Xbox 360.ActiveCfg = Release|x64
		{566551F4-4EF1-4CB4-A131-F982E7606907}.Debug|Xbox 360.Build.0 = Release|x64
		{566551F4-4EF1-4CB4-A131-F982E7606907}.Release_Dedicated|Win32.ActiveCfg = Release|Win32
		{566551F4-4EF1-4CB4-A131-F982E7606907}.Release_Dedicated|x64.ActiveCfg = Release|x64
		{566551F4-4EF1-4CB4-A131-F982E7606907}.Release_Dedicated|x64.Build.0 = Release|x64
		{566551F4-4EF1-4CB4-A131-F982E7606907}.Release_Dedicated|Xbox 360.ActiveCfg = Release|Win32
		{566551F4-4EF1-4CB4-A131-F982E7606907}.Release_Dedicated|Xbox 360.Build.0 = Release|Win32
		{566551F4-4EF1-4CB4-A131-F982E7606907}.Release_SSE|Win32.ActiveCfg = Release|Win32
		{566551F4-4EF1-4CB4-A131-F982E7606907}.Release_SSE|Win32.Build.0 = Release|Win32
		{566551F4-4EF1-4CB4-A131-F982E7606907}.Release_SSE|x64.ActiveCfg = Release|x64
		{566551F4-4EF1-4CB4-A131-F982E7606907}.Release_SSE|x64.Build.0 = Release|x64
		{566551F4-4EF1-4CB4-A131-F982E7606907}.Release_SSE|Xbox 360.ActiveCfg = Release|x64
		{566551F4-4EF1-4CB4-A131-F982E7606907}.Release_SSE|Xbox 360.Build.0 = Release|x64
		{566551F4-4EF1-4CB4-A131-F982E7606907}.Release_SSE2|Win32.ActiveCfg = Release|Win32
		{566551F4-4EF1-4CB4-A131-F982E7606907}.Release_SSE2|Win32.Build.0 = Release|Win32
		{566551F4-4EF1-4CB4-A131-F982E7606907}.Release_SSE2|x64.ActiveCfg = Release|x64
		{566551F4-4EF1-4CB4-A131-F982E7606907}.Release_SSE2|x64.Build.0 = Release|x64
		{566551F4-4EF1-4CB4-A131-F982E7606907}.Release_SSE2|Xbox 360.ActiveCfg = Release|x64
		{566551F4-4EF1-4CB4-A131-F982E7606907}.Release_SSE2|Xbox 360.Build.0 = Release|x64
		{566551F4-4EF1-4CB4-A131-F982E7606907}.Release|Win32.ActiveCfg = Release|Win32
		{566551F4-4EF1-4CB4-A131-F982E7606907}.Release|Win32.Build.0 = Release|Win32
		{566551F4-4EF1-4CB4-A131-F982E7606907}.Release|x64.ActiveCfg = Release|x64
		{566551F4-4EF1-4CB4-A131-F982E7606907}.Release|x64.Build.0 = Release|x64
		{566551F4-4EF1-4CB4-A131-F982E7606907}.Release|Xbox 360.ActiveCfg = Release|Win32
		{0899B131-F1D4-4876-9BA1-67AC821DB9E1}.Debug|Win32.ActiveCfg = Release|Win32
		{0899B131-F1D4-4876-9BA1-67AC821DB9E1}.Debug|Win32.Build.0 = Release|Win32
		{0899B131-F1D4-4876-9BA1-67AC821DB9E1}.Debug|x64.ActiveCfg = Release|x64
		{0899B131-F1D4-4876-9BA1-67AC821DB9E1}.Debug|x64.Build.0 = Release|x64
		{0899B131-F1D4-4876-9BA1-67AC821DB9E1}.Debug|Xbox 360.ActiveCfg = Release|x64
		{0899B131-F1D4-4876-9BA1-67AC821DB9E1}.Debug|Xbox 360.Build.0 = Release|x64
		{0899B131-F1D4-4876-9BA1-67AC821DB9E1}.Release_Dedicated|Win32.ActiveCfg = Release|Win32
		{0899B131-F1D4-4876-9BA1-67AC821DB9E1}.Release_Dedicated|x64.ActiveCfg = Release|x64
		{0899B131-F1D4-4876-9BA1-67AC821DB9E1}.Release_Dedicated|x64.Build.0 = Release|x64
		{0899B131-F1D4-4876-9BA1-67AC821DB9E1}.Release_Dedicated|Xbox 360.ActiveCfg = Release|Win32
		{0899B131-F1D4-4876-9BA1-67AC821DB9E1}.Release_SSE|Win32.ActiveCfg = Release|Win32
		{0899B131-F1D4-4876-9BA1-67AC821DB9E1}.Release_SSE|Win32.Build.0 = Release|Win32
		{0899B131-F1D4-4876-9BA1-67AC821DB9E1}.Release_SSE|x64.ActiveCfg = Release|x64
		{0899B131-F1D4-4876-9BA1-67AC821DB9E1}.Release_SSE|x64.Build.0 = Release|x64
		{0899B131-F1D4-4876-9BA1-67AC821DB9E1}.Release_SSE|Xbox 360.ActiveCfg = Release|x64
		{0899B131-F1D4-4876-9BA1-67AC821DB9E1}.Release_SSE|Xbox 360.Build.0 = Release|x64
		{0899B131-F1D4-4876-9BA1-67AC821DB9E1}.Release_SSE2|Win32.ActiveCfg = Release|Win32
		{0899B131-F1D4-4876-9BA1-67AC821DB9E1}.Release_SSE2|Win32.Build.0 = Release|Win32
		{0899B131-F1D4-4876-9BA1-67AC821DB9E1}.Release_SSE2|x64.ActiveCfg = Release|x64
		{0899B131-F1D4-4876-9BA1-67AC821DB9E1}.Release_SSE2|x64.Build.0 = Release|x64
		{0899B131-F1D4-4876-9BA1-67AC821DB9E1}.Release_SSE2|Xbox 360.ActiveCfg = Release|x64
		{0899B131-F1D4-4876-9BA1-67AC821DB9E1}.Release_SSE2|Xbox 360.Build.0 = Release|x64
		{0899B131-F1D4-4876-9BA1-67AC821DB9E1}.Release|Win32.ActiveCfg = Release|Win32
		{0899B131-F1D4-4876-9BA1-67AC821DB9E1}.Release|Win32.Build.0 = Release|Win32
		{0899B131-F1D4-4876-9BA1-67AC821DB9E1}.Release|x64.ActiveCfg = Release|x64
		{0899B131-F1D4-4876-9BA1-67AC821DB9E1}.Release|x64.Build.0 = Release|x64
		{0899B131-F1D4-4876-9BA1-67AC821DB9E1}.Release|Xbox 360.ActiveCfg = Release|Win32
		{EF76867B-6EB8-4DC0-A1D6-E964FAD6FC7B}.Debug|Win32.ActiveCfg = Release|Win32
		{EF76867B-6EB8-4DC0-A1D6-E964FAD6FC7B}.Debug|Win32.Build.0 = Release|Win32
		{EF76867B-6EB8-4DC0-A1D6-E964FAD6FC7B}.Debug|x64.ActiveCfg = Release|x64
		{EF76867B-6EB8-4DC0-A1D6-E964FAD6FC7B}.Debug|x64.Build.0 = Release|x64
		{EF76867B-6EB8-4DC0-A1D6-E964FAD6FC7B}.Debug|Xbox 360.ActiveCfg = Release|x64
		{EF76867B-6EB8-4DC0-A1D6-E964FAD6FC7B}.Debug|Xbox 360.Build.0 = Release|x64
		{EF76867B-6EB8-4DC0-A1D6-E964FAD6FC7B}.Release_Dedicated|Win32.ActiveCfg = Release|Win32
		{EF76867B-6EB8-4DC0-A1D6-E964FAD6FC7B}.Release_Dedicated|x64.ActiveCfg = Release|x64
		{EF76867B-6EB8-4DC0-A1D6-E964FAD6FC7B}.Release_Dedicated|x64.Build.0 = Release|x64
		{EF76867B-6EB8-4DC0-A1D6-E964FAD6FC7B}.Release_Dedicated|Xbox 360.ActiveCfg = Release|Win32
		{EF76867B-6EB8-4DC0-A1D6-E964FAD6FC7B}.Release_SSE|Win32.ActiveCfg = Release|Win32
		{EF76867B-6EB8-4DC0-A1D6-E964FAD6FC7B}.Release_SSE|Win32.Build.0 = Release|Win32
		{EF76867B-6EB8-4DC0-A1D6-E964FAD6FC7B}.Release_SSE|x64.ActiveCfg = Release|x64
		{EF76867B-6EB8-4DC0-A1D6-E964FAD6FC7B}.Release_SSE|x64.Build.0 = Release|x64
		{EF76867B-6EB8-4DC0-A1D6-E964FAD6FC7B}.Release_SSE|Xbox 360.ActiveCfg = Release|x64
		{EF76867B-6EB8-4DC0-A1D6-E964FAD6FC7B}.Release_SSE|Xbox 360.Build.0 = Release|x64
		{EF76867B-6EB8-4DC0-A1D6-E964FAD6FC7B}.Release_SSE2|Win32.ActiveCfg = Release|Win32
		{EF76867B-6EB8-4DC0-A1D6-E964FAD6FC7B}.Release_SSE2|Win32.Build.0 = Release|Win32
		{EF76867B-6EB8-4DC0-A1D6-E964FAD6FC7B}.Release_SSE2|x64.ActiveCfg = Release|x64
		{EF76867B-6EB8-4DC0-A1D6-E964FAD6FC7B}.Release_SSE2|x64.Build.0 = Release|x64
		{EF76867B-6EB8-4DC0-A1D6-E964FAD6FC7B}.Release_SSE2|Xbox 360.ActiveCfg = Release|x64
		{EF76867B-6EB8-4DC0-A1D6-E964FAD6FC7B}.Release_SSE2|Xbox 360.Build.0 = Release|x64
		{EF76867B-6EB8-4DC0-A1D6-E964FAD6FC7B}.Release|Win32.ActiveCfg = Release|Win32
		{EF76867B-6EB8-4DC0-A1D6-E964FAD6FC7B}.Release|Win32.Build.0 = Release|Win32
		{EF76867B-6EB8-4DC0-A1D6-E964FAD6FC7B}.Release|x64.ActiveCfg = Release|x64
		{EF76867B-6EB8-4DC0-A1D6-E964FAD6FC7B}.Release|x64.Build.0 = Release|x64
		{EF76867B-6EB8-4DC0-A1D6-E964FAD6FC7B}.Release|Xbox 360.ActiveCfg = Release|Win32
		{A19B1DF2-82EC-4364-8BDF-85D13A1C89B5}.Debug|Win32.ActiveCfg = Release|Win32
		{A19B1DF2-82EC-4364-8BDF-85D13A1C89B5}.Debug|Win32.Build.0 = Release|Win32
		{A19B1DF2-82EC-4364-8BDF-85D13A1C89B5}.Debug|x64.ActiveCfg = Release|x64
		{A19B1DF2-82EC-4364-8BDF-85D13A1C89B5}.Debug|x64.Build.0 = Release|x64
		{A19B1DF2-82EC-4364-8BDF-85D13A1C89B5}.Debug|Xbox 360.ActiveCfg = Release|x64
		{A19B1DF2-82EC-4364-8BDF-85D13A1C89B5}.Debug|Xbox 360.Build.0 = Release|x64
		{A19B1DF2-82EC-4364-8BDF-85D13A1C89B5}.Release_Dedicated|Win32.ActiveCfg = Release|Win32
		{A19B1DF2-82EC-4364-8BDF-85D13A1C89B5}.Release_Dedicated|x64.ActiveCfg = Release|x64
		{A19B1DF2-82EC-4364-8BDF-85D13A1C89B5}.Release_Dedicated|x64.Build.0 = Release|x64
		{A19B1DF2-82EC-4364-8BDF-85D13A1C89B5}.Release_Dedicated|Xbox 360.ActiveCfg = Release|Win32
		{A19B1DF2-82EC-4364-8BDF-85D13A1C89B5}.Release_Dedicated|Xbox 360.Build.0 = Release|Win32
		{A19B1DF2-82EC-4364-8BDF-85D13A1C89B5}.Release_SSE|Win32.ActiveCfg = Release|Win32
		{A19B1DF2-82EC-4364-8BDF-85D13A1C89B5}.Release_SSE|Win32.Build.0 = Release|Win32
		{A19B1DF2-82EC-4364-8BDF-85D13A1C89B5}.Release_SSE|x64.ActiveCfg = Release|x64
		{A19B1DF2-82EC-4364-8BDF-85D13A1C89B5}.Release_SSE|x64.Build.0 = Release|x64
		{A19B1DF2-82EC-4364-8BDF-85D13A1C89B5}.Release_SSE|Xbox 360.ActiveCfg = Release|x64
		{A19B1DF2-82EC-4364-8BDF-85D13A1C89B5}.Release_SSE|Xbox 360.Build.0 = Release|x64
		{A19B1DF2-82EC-4364-8BDF-85D13A1C89B5}.Release_SSE2|Win32.ActiveCfg = Release|Win32
		{A19B1DF2-82EC-4364-8BDF-85D13A1C89B5}.Release_SSE2|Win32.Build.0 = Release|Win32
		{A19B1DF2-82EC-4364-8BDF-85D13A1C89B5}.Release_SSE2|x64.ActiveCfg = Release|x64
		{A19B1DF2-82EC-4364-8BDF-85D13A1C89B5}.Release_SSE2|x64.Build.0 = Release|x64
		{A19B1DF2-82EC-4364-8BDF-85D13A1C89B5}.Release_SSE2|Xbox 360.ActiveCfg = Release|x64
		{A19B1DF2-82EC-4364-8BDF-85D13A1C89B5}.Release_SSE2|Xbox 360.Build.0 = Release|x64
		{A19B1DF2-82EC-4364-8BDF-85D13A1C89B5}.Release|Win32.ActiveCfg = Release|Win32
		{A19B1DF2-82EC-4364-8BDF-85D13A1C89B5}.Release|Win32.Build.0 = Release|Win32
		{A19B1DF2-82EC-4364-8BDF-85D13A1C89B5}.Release|x64.ActiveCfg = Release|x64
		{A19B1DF2-82EC-4364-8BDF-85D13A1C89B5}.Release|x64.Build.0 = Release|x64
		{A19B1DF2-82EC-4364-8BDF-85D13A1C89B5}.Release|Xbox 360.ActiveCfg = Release|Win32
		{A0F7D1FB-59A7-4717-A7E4-96F37E91998E}.Debug|Win32.ActiveCfg = Release|Win32
		{A0F7D1FB-59A7-4717-A7E4-96F37E91998E}.Debug|Win32.Build.0 = Release|Win32
		{A0F7D1FB-59A7-4717-A7E4-96F37E91998E}.Debug|x64.ActiveCfg = Release|x64
		{A0F7D1FB-59A7-4717-A7E4-96F37E91998E}.Debug|x64.Build.0 = Release|x64
		{A0F7D1FB-59A7-4717-A7E4-96F37E91998E}.Debug|Xbox 360.ActiveCfg = Release|x64
		{A0F7D1FB-59A7-4717-A7E4-96F37E91998E}.Debug|Xbox 360.Build.0 = Release|x64
		{A0F7D1FB-59A7-4717-A7E4-96F37E91998E}.Release_Dedicated|Win32.ActiveCfg = Release|Win32
		{A0F7D1FB-59A7-4717-A7E4-96F37E91998E}.Release_Dedicated|x64.ActiveCfg = Release|x64
		{A0F7D1FB-59A7-4717-A7E4-96F37E91998E}.Release_Dedicated|x64.Build.0 = Release|x64
		{A0F7D1FB-59A7-4717-A7E4-96F37E91998E}.Release_Dedicated|Xbox 360.ActiveCfg = Release|Win32
		{A0F7D1FB-59A7-4717-A7E4-96F37E91998E}.Release_Dedicated|Xbox 360.Build.0 = Release|Win32
		{A0F7D1FB-59A7-4717-A7E4-96F37E91998E}.Release_SSE|Win32.ActiveCfg = Release|Win32
		{A0F7D1FB-59A7-4717-A7E4-96F37E91998E}.Release_SSE|Win32.Build.0 = Release|Win32
		{A0F7D1FB-59A7-4717-A7E4-96F37E91998E}.Release_SSE|x64.ActiveCfg = Release|x64
		{A0F7D1FB-59A7-4717-A7E4-96F37E91998E}.Release_SSE|x64.Build.0 = Release|x64
		{A0F7D1FB-59A7-4717-A7E4-96F37E91998E}.Release_SSE|Xbox 360.ActiveCfg = Release|x64
		{A0F7D1FB-59A7-4717-A7E4-96F37E91998E}.Release_SSE|Xbox 360.Build.0 = Release|x64
		{A0F7D1FB-59A7-4717-A7E4-96F37E91998E}.Release_SSE2|Win32.ActiveCfg = Release|Win32
		{A0F7D1FB-59A7-4717-A7E4-96F37E91998E}.Release_SSE2|Win32.Build.0 = Release|Win32
		{A0F7D1FB-59A7-4717-A7E4-96F37E91998E}.Release_SSE2|x64.ActiveCfg = Release|x64
		{A0F7D1FB-59A7-4717-A7E4-96F37E91998E}.Release_SSE2|x64.Build.0 = Release|x64
		{A0F7D1FB-59A7-4717-A7E4-96F37E91998E}.Release_SSE2|Xbox 360.ActiveCfg = Release|x64
		{A0F7D1FB-59A7-4717-A7E4-96F37E91998E}.Release_SSE2|Xbox 360.Build.0 = Release|x64
		{A0F7D1FB-59A7-4717-A7E4-96F37E91998E}.Release|Win32.ActiveCfg = Release|Win32
		{A0F7D1FB-59A7-4717-A7E4-96F37E91998E}.Release|Win32.Build.0 = Release|Win32
		{A0F7D1FB-59A7-4717-A7E4-96F37E91998E}.Release|x64.ActiveCfg = Release|x64
		{A0F7D1FB-59A7-4717-A7E4-96F37E91998E}.Release|x64.Build.0 = Release|x64
		{A0F7D1FB-59A7-4717-A7E4-96F37E91998E}.Release|Xbox 360.ActiveCfg = Release|Win32
		{CA0649DD-D089-423A-981C-46B57A884EB9}.Debug|Win32.ActiveCfg = Release|Win32
		{CA0649DD-D089-423A-981C-46B57A884EB9}.Debug|Win32.Build.0 = Release|Win32
		{CA0649DD-D089-423A-981C-46B57A884EB9}.Debug|x64.ActiveCfg = Release|x64
		{CA0649DD-D089-423A-981C-46B57A884EB9}.Debug|x64.Build.0 = Release|x64
		{CA0649DD-D089-423A-981C-46B57A884EB9}.Debug|Xbox 360.ActiveCfg = Release|x64
		{CA0649DD-D089-423A-981C-46B57A884EB9}.Debug|Xbox 360.Build.0 = Release|x64
		{CA0649DD-D089-423A-981C-46B57A884EB9}.Release_Dedicated|Win32.ActiveCfg = Release|Win32
		{CA0649DD-D089-423A-981C-46B57A884EB9}.Release_Dedicated|x64.ActiveCfg = Release|x64
		{CA0649DD-D089-423A-981C-46B57A884EB9}.Release_Dedicated|Xbox 360.ActiveCfg = Release|x64
		{CA0649DD-D089-423A-981C-46B57A884EB9}.Release_SSE|Win32.ActiveCfg = Release|Win32
		{CA0649DD-D089-423A-981C-46B57A884EB9}.Release_SSE|Win32.Build.0 = Release|Win32
		{CA0649DD-D089-423A-981C-46B57A884EB9}.Release_SSE|x64.ActiveCfg = Release|x64
		{CA0649DD-D089-423A-981C-46B57A884EB9}.Release_SSE|x64.Build.0 = Release|x64
		{CA0649DD-D089-423A-981C-46B57A884EB9}.Release_SSE|Xbox 360.ActiveCfg = Release|x64
		{CA0649DD-D089-423A-981C-46B57A884EB9}.Release_SSE|Xbox 360.Build.0 = Release|x64
		{CA0649DD-D089-423A-981C-46B57A884EB9}.Release_SSE2|Win32.ActiveCfg = Release|Win32
		{CA0649DD-D089-423A-981C-46B57A884EB9}.Release_SSE2|Win32.Build.0 = Release|Win32
		{CA0649DD-D089-423A-981C-46B57A884EB9}.Release_SSE2|x64.ActiveCfg = Release|x64
		{CA0649DD-D089-423A-981C-46B57A884EB9}.Release_SSE2|x64.Build.0 = Release|x64
		{CA0649DD-D089-423A-981C-46B57A884EB9}.Release_SSE2|Xbox 360.ActiveCfg = Release|x64
		{CA0649DD-D089-423A-981C-46B57A884EB9}.Release_SSE2|Xbox 360.Build.0 = Release|x64
		{CA0649DD-D089-423A-981C-46B57A884EB9}.Release|Win32.ActiveCfg = Release|Win32
		{CA0649DD-D089-423A-981C-46B57A884EB9}.Release|Win32.Build.0 = Release|Win32
		{CA0649DD-D089-423A-981C-46B57A884EB9}.Release|x64.ActiveCfg = Release|x64
		{CA0649DD-D089-423A-981C-46B57A884EB9}.Release|x64.Build.0 = Release|x64
		{CA0649DD-D089-423A-981C-46B57A884EB9}.Release|Xbox 360.ActiveCfg = Release|Win32
		{200652A6-043E-4634-8837-87983B3BD5E0}.Debug|Win32.ActiveCfg = Release|Win32
		{200652A6-043E-4634-8837-87983B3BD5E0}.Debug|Win32.Build.0 = Release|Win32
		{200652A6-043E-4634-8837-87983B3BD5E0}.Debug|x64.ActiveCfg = Release|x64
		{200652A6-043E-4634-8837-87983B3BD5E0}.Debug|x64.Build.0 = Release|x64
		{200652A6-043E-4634-8837-87983B3BD5E0}.Debug|Xbox 360.ActiveCfg = Release|x64
		{200652A6-043E-4634-8837-87983B3BD5E0}.Debug|Xbox 360.Build.0 = Release|x64
		{200652A6-043E-4634-8837-87983B3BD5E0}.Release_Dedicated|Win32.ActiveCfg = Release|Win32
		{200652A6-043E-4634-8837-87983B3BD5E0}.Release_Dedicated|x64.ActiveCfg = Release|x64
		{200652A6-043E-4634-8837-87983B3BD5E0}.Release_Dedicated|x64.Build.0 = Release|x64
		{200652A6-043E-4634-8837-87983B3BD5E0}.Release_Dedicated|Xbox 360.ActiveCfg = Release|x64
		{200652A6-043E-4634-8837-87983B3BD5E0}.Release_SSE|Win32.ActiveCfg = Release|Win32
		{200652A6-043E-4634-8837-87983B3BD5E0}.Release_SSE|Win32.Build.0 = Release|Win32
		{200652A6-043E-4634-8837-87983B3BD5E0}.Release_SSE|x64.ActiveCfg = Release|x64
		{200652A6-043E-4634-8837-87983B3BD5E0}.Release_SSE|x64.Build.0 = Release|x64
		{200652A6-043E-4634-8837-87983B3BD5E0}.Release_SSE|Xbox 360.ActiveCfg = Release|x64
		{200652A6-043E-4634-8837-87983B3BD5E0}.Release_SSE|Xbox 360.Build.0 = Release|x64
		{200652A6-043E-4634-8837-87983B3BD5E0}.Release_SSE2|Win32.ActiveCfg = Release|Win32
		{200652A6-043E-4634-8837-87983B3BD5E0}.Release_SSE2|Win32.Build.0 = Release|Win32
		{200652A6-043E-4634-8837-87983B3BD5E0}.Release_SSE2|x64.ActiveCfg = Release|x64
		{200652A6-043E-4634-8837-87983B3BD5E0}.Release_SSE2|x64.Build.0 = Release|x64
		{200652A6-043E-4634-8837-87983B3BD5E0}.Release_SSE2|Xbox 360.ActiveCfg = Release|x64
		{200652A6-043E-4634-8837-87983B3BD5E0}.Release_SSE2|Xbox 360.Build.0 = Release|x64
		{200652A6-043E-4634-8837-87983B3BD5E0}.Release|Win32.ActiveCfg = Release|Win32
		{200652A6-043E-4634-8837-87983B3BD5E0}.Release|Win32.Build.0 = Release|Win32
		{200652A6-043E-4634-8837-87983B3BD5E0}.Release|x64.ActiveCfg = Release|x64
		{200652A6-043E-4634-8837-87983B3BD5E0}.Release|x64.Build.0 = Release|x64
		{200652A6-043E-4634-8837-87983B3BD5E0}.Release|Xbox 360.ActiveCfg = Release|Win32
		{5535F6B4-7AE6-4B66-8AEA-CC31C14D7AB7}.Debug|Win32.ActiveCfg = Release|Win32
		{5535F6B4-7AE6-4B66-8AEA-CC31C14D7AB7}.Debug|Win32.Build.0 = Release|Win32
		{5535F6B4-7AE6-4B66-8AEA-CC31C14D7AB7}.Debug|x64.ActiveCfg = Release|x64
		{5535F6B4-7AE6-4B66-8AEA-CC31C14D7AB7}.Debug|x64.Build.0 = Release|x64
		{5535F6B4-7AE6-4B66-8AEA-CC31C14D7AB7}.Debug|Xbox 360.ActiveCfg = Release|x64
		{5535F6B4-7AE6-4B66-8AEA-CC31C14D7AB7}.Debug|Xbox 360.Build.0 = Release|x64
		{5535F6B4-7AE6-4B66-8AEA-CC31C14D7AB7}.Release_Dedicated|Win32.ActiveCfg = Release|Win32
		{5535F6B4-7AE6-4B66-8AEA-CC31C14D7AB7}.Release_Dedicated|x64.ActiveCfg = Release|x64
		{5535F6B4-7AE6-4B66-8AEA-CC31C14D7AB7}.Release_Dedicated|x64.Build.0 = Release|x64
		{5535F6B4-7AE6-4B66-8AEA-CC31C14D7AB7}.Release_Dedicated|Xbox 360.ActiveCfg = Release|Win32
		{5535F6B4-7AE6-4B66-8AEA-CC31C14D7AB7}.Release_Dedicated|Xbox 360.Build.0 = Release|Win32
		{5535F6B4-7AE6-4B66-8AEA-CC31C14D7AB7}.Release_SSE|Win32.ActiveCfg = Release|Win32
		{5535F6B4-7AE6-4B66-8AEA-CC31C14D7AB7}.Release_SSE|Win32.Build.0 = Release|Win32
		{5535F6B4-7AE6-4B66-8AEA-CC31C14D7AB7}.Release_SSE|x64.ActiveCfg = Release|x64
		{5535F6B4-7AE6-4B66-8AEA-CC31C14D7AB7}.Release_SSE|x64.Build.0 = Release|x64
		{5535F6B4-7AE6-4B66-8AEA-CC31C14D7AB7}.Release_SSE|Xbox 360.ActiveCfg = Release|x64
		{5535F6B4-7AE6-4B66-8AEA-CC31C14D7AB7}.Release_SSE|Xbox 360.Build.0 = Release|x64
		{5535F6B4-7AE6-4B66-8AEA-CC31C14D7AB7}.Release_SSE2|Win32.ActiveCfg = Release|Win32
		{5535F6B4-7AE6-4B66-8AEA-CC31C14D7AB7}.Release_SSE2|Win32.Build.0 = Release|Win32
		{5535F6B4-7AE6-4B66-8AEA-CC31C14D7AB7}.Release_SSE2|x64.ActiveCfg = Release|x64
		{5535F6B4-7AE6-4B66-8AEA-CC31C14D7AB7}.Release_SSE2|x64.Build.0 = Release|x64
		{5535F6B4-7AE6-4B66-8AEA-CC31C14D7AB7}.Release_SSE2|Xbox 360.ActiveCfg = Release|x64
		{5535F6B4-7AE6-4B66-8AEA-CC31C14D7AB7}.Release_SSE2|Xbox 360.Build.0 = Release|x64
		{5535F6B4-7AE6-4B66-8AEA-CC31C14D7AB7}.Release|Win32.ActiveCfg = Release|Win32
		{5535F6B4-7AE6-4B66-8AEA-CC31C14D7AB7}.Release|Win32.Build.0 = Release|Win32
		{5535F6B4-7AE6-4B66-8AEA-CC31C14D7AB7}.Release|x64.ActiveCfg = Release|x64
		{5535F6B4-7AE6-4B66-8AEA-CC31C14D7AB7}.Release|x64.Build.0 = Release|x64
		{5535F6B4-7AE6-4B66-8AEA-CC31C14D7AB7}.Release|Xbox 360.ActiveCfg = Release|Win32
		{435BAC9A-B225-457D-AB40-C9BD0CC8838C}.Debug|Win32.ActiveCfg = Release|Win32
		{435BAC9A-B225-457D-AB40-C9BD0CC8838C}.Debug|Win32.Build.0 = Release|Win32
		{435BAC9A-B225-457D-AB40-C9BD0CC8838C}.Debug|x64.ActiveCfg = Release|x64
		{435BAC9A-B225-457D-AB40-C9BD0CC8838C}.Debug|x64.Build.0 = Release|x64
		{435BAC9A-B225-457D-AB40-C9BD0CC8838C}.Debug|Xbox 360.ActiveCfg = Release|x64
		{435BAC9A-B225-457D-AB40-C9BD0CC8838C}.Debug|Xbox 360.Build.0 = Release|x64
		{435BAC9A-B225-457D-AB40-C9BD0CC8838C}.Release_Dedicated|Win32.ActiveCfg = Release|Win32
		{435BAC9A-B225-457D-AB40-C9BD0CC8838C}.Release_Dedicated|x64.ActiveCfg = Release|x64
		{435BAC9A-B225-457D-AB40-C9BD0CC8838C}.Release_Dedicated|x64.Build.0 = Release|x64
		{435BAC9A-B225-457D-AB40-C9BD0CC8838C}.Release_Dedicated|Xbox 360.ActiveCfg = Release|Win32
		{435BAC9A-B225-457D-AB40-C9BD0CC8838C}.Release_Dedicated|Xbox 360.Build.0 = Release|Win32
		{435BAC9A-B225-457D-AB40-C9BD0CC8838C}.Release_SSE|Win32.ActiveCfg = Release|Win32
		{435BAC9A-B225-457D-AB40-C9BD0CC8838C}.Release_SSE|Win32.Build.0 = Release|Win32
		{435BAC9A-B225-457D-AB40-C9BD0CC8838C}.Release_SSE|x64.ActiveCfg = Release|x64
		{435BAC9A-B225-457D-AB40-C9BD0CC8838C}.Release_SSE|x64.Build.0 = Release|x64
		{435BAC9A-B225-457D-AB40-C9BD0CC8838C}.Release_SSE|Xbox 360.ActiveCfg = Release|x64
		{435BAC9A-B225-457D-AB40-C9BD0CC8838C}.Release_SSE|Xbox 360.Build.0 = Release|x64
		{435BAC9A-B225-457D-AB40-C9BD0CC8838C}.Release_SSE2|Win32.ActiveCfg = Release|Win32
		{435BAC9A-B225-457D-AB40-C9BD0CC8838C}.Release_SSE2|Win32.Build.0 = Release|Win32
		{435BAC9A-B225-457D-AB40-C9BD0CC8838C}.Release_SSE2|x64.ActiveCfg = Release|x64
		{435BAC9A-B225-457D-AB40-C9BD0CC8838C}.Release_SSE2|x64.Build.0 = Release|x64
		{435BAC9A-B225-457D-AB40-C9BD0CC8838C}.Release_SSE2|Xbox 360.ActiveCfg = Release|x64
		{435BAC9A-B225-457D-AB40-C9BD0CC8838C}.Release_SSE2|Xbox 360.Build.0 = Release|x64
		{435BAC9A-B225-457D-AB40-C9BD0CC8838C}.Release|Win32.ActiveCfg = Release|Win32
		{435BAC9A-B225-457D-AB40-C9BD0CC8838C}.Release|Win32.Build.0 = Release|Win32
		{435BAC9A-B225-457D-AB40-C9BD0CC8838C}.Release|x64.ActiveCfg = Release|x64
		{435BAC9A-B225-457D-AB40-C9BD0CC8838C}.Release|x64.Build.0 = Release|x64
		{435BAC9A-B225-457D-AB40-C9BD0CC8838C}.Release|Xbox 360.ActiveCfg = Release|Win32
		{94A1C366-3D19-48E6-8170-4ADC2E70DF97}.Debug|Win32.ActiveCfg = Release|Win32
		{94A1C366-3D19-48E6-8170-4ADC2E70DF97}.Debug|Win32.Build.0 = Release|Win32
		{94A1C366-3D19-48E6-8170-4ADC2E70DF97}.Debug|x64.ActiveCfg = Release|x64
		{94A1C366-3D19-48E6-8170-4ADC2E70DF97}.Debug|x64.Build.0 = Release|x64
		{94A1C366-3D19-48E6-8170-4ADC2E70DF97}.Debug|Xbox 360.ActiveCfg = Release|x64
		{94A1C366-3D19-48E6-8170-4ADC2E70DF97}.Debug|Xbox 360.Build.0 = Release|x64
		{94A1C366-3D19-48E6-8170-4ADC2E70DF97}.Release_Dedicated|Win32.ActiveCfg = Release|Win32
		{94A1C366-3D19-48E6-8170-4ADC2E70DF97}.Release_Dedicated|x64.ActiveCfg = Release|x64
		{94A1C366-3D19-48E6-8170-4ADC2E70DF97}.Release_Dedicated|x64.Build.0 = Release|x64
		{94A1C366-3D19-48E6-8170-4ADC2E70DF97}.Release_Dedicated|Xbox 360.ActiveCfg = Release|Win32
		{94A1C366-3D19-48E6-8170-4ADC2E70DF97}.Release_Dedicated|Xbox 360.Build.0 = Release|Win32
		{94A1C366-3D19-48E6-8170-4ADC2E70DF97}.Release_SSE|Win32.ActiveCfg = Release|Win32
		{94A1C366-3D19-48E6-8170-4ADC2E70DF97}.Release_SSE|Win32.Build.0 = Release|Win32
		{94A1C366-3D19-48E6-8170-4ADC2E70DF97}.Release_SSE|x64.ActiveCfg = Release|x64
		{94A1C366-3D19-48E6-8170-4ADC2E70DF97}.Release_SSE|x64.Build.0 = Release|x64
		{94A1C366-3D19-48E6-8170-4ADC2E70DF97}.Release_SSE|Xbox 360.ActiveCfg = Release|x64
		{94A1C366-3D19-48E6-8170-4ADC2E70DF97}.Release_SSE|Xbox 360.Build.0 = Release|x64
		{94A1C366-3D19-48E6-8170-4ADC2E70DF97}.Release_SSE2|Win32.ActiveCfg = Release|Win32
		{94A1C366-3D19-48E6-8170-4ADC2E70DF97}.Release_SSE2|Win32.Build.0 = Release|Win32
		{94A1C366-3D19-48E6-8170-4ADC2E70DF97}.Release_SSE2|x64.ActiveCfg = Release|x64
		{94A1C366-3D19-48E6-8170-4ADC2E70DF97}.Release_SSE2|x64.Build.0 = Release|x64
		{94A1C366-3D19-48E6-8170-4ADC2E70DF97}.Release_SSE2|Xbox 360.ActiveCfg = Release|x64
		{94A1C366-3D19-48E6-8170-4ADC2E70DF97}.Release_SSE2|Xbox 360.Build.0 = Release|x64
		{94A1C366-3D19-48E6-8170-4ADC2E70DF97}.Release|Win32.ActiveCfg = Release|Win32
		{94A1C366-3D19-48E6-8170-4ADC2E70DF97}.Release|Win32.Build.0 = Release|Win32
		{94A1C366-3D19-48E6-8170-4ADC2E70DF97}.Release|x64.ActiveCfg = Release|x64
		{94A1C366-3D19-48E6-8170-4ADC2E70DF97}.Release|x64.Build.0 = Release|x64
		{94A1C366-3D19-48E6-8170-4ADC2E70DF97}.Release|Xbox 360.ActiveCfg = Release|Win32
		{57A498C9-A741-4DDF-8EFC-BFB9EB6B00E2}.Debug|Win32.ActiveCfg = Release|Win32
		{57A498C9-A741-4DDF-8EFC-BFB9EB6B00E2}.Debug|Win32.Build.0 = Release|Win32
		{57A498C9-A741-4DDF-8EFC-BFB9EB6B00E2}.Debug|x64.ActiveCfg = Release|x64
		{57A498C9-A741-4DDF-8EFC-BFB9EB6B00E2}.Debug|x64.Build.0 = Release|x64
		{57A498C9-A741-4DDF-8EFC-BFB9EB6B00E2}.Debug|Xbox 360.ActiveCfg = Release|x64
		{57A498C9-A741-4DDF-8EFC-BFB9EB6B00E2}.Debug|Xbox 360.Build.0 = Release|x64
		{57A498C9-A741-4DDF-8EFC-BFB9EB6B00E2}.Release_Dedicated|Win32.ActiveCfg = Release|Win32
		{57A498C9-A741-4DDF-8EFC-BFB9EB6B00E2}.Release_Dedicated|x64.ActiveCfg = Release|x64
		{57A498C9-A741-4DDF-8EFC-BFB9EB6B00E2}.Release_Dedicated|x64.Build.0 = Release|x64
		{57A498C9-A741-4DDF-8EFC-BFB9EB6B00E2}.Release_Dedicated|Xbox 360.ActiveCfg = Release|Win32
		{57A498C9-A741-4DDF-8EFC-BFB9EB6B00E2}.Release_Dedicated|Xbox 360.Build.0 = Release|Win32
		{57A498C9-A741-4DDF-8EFC-BFB9EB6B00E2}.Release_SSE|Win32.ActiveCfg = Release|Win32
		{57A498C9-A741-4DDF-8EFC-BFB9EB6B00E2}.Release_SSE|Win32.Build.0 = Release|Win32
		{57A498C9-A741-4DDF-8EFC-BFB9EB6B00E2}.Release_SSE|x64.ActiveCfg = Release|x64
		{57A498C9-A741-4DDF-8EFC-BFB9EB6B00E2}.Release_SSE|x64.Build.0 = Release|x64
		{57A498C9-A741-4DDF-8EFC-BFB9EB6B00E2}.Release_SSE|Xbox 360.ActiveCfg = Release|x64
		{57A498C9-A741-4DDF-8EFC-BFB9EB6B00E2}.Release_SSE|Xbox 360.Build.0 = Release|x64
		{57A498C9-A741-4DDF-8EFC-BFB9EB6B00E2}.Release_SSE2|Win32.ActiveCfg = Release|Win32
		{57A498C9-A741-4DDF-8EFC-BFB9EB6B00E2}.Release_SSE2|Win32.Build.0 = Release|Win32
		{57A498C9-A741-4DDF-8EFC-BFB9EB6B00E2}.Release_SSE2|x64.ActiveCfg = Release|x64
		{57A498C9-A741-4DDF-8EFC-BFB9EB6B00E2}.Release_SSE2|x64.Build.0 = Release|x64
		{57A498C9-A741-4DDF-8EFC-BFB9EB6B00E2}.Release_SSE2|Xbox 360.ActiveCfg = Release|x64
		{57A498C9-A741-4DDF-8EFC-BFB9EB6B00E2}.Release_SSE2|Xbox 360.Build.0 = Release|x64
		{57A498C9-A741-4DDF-8EFC-BFB9EB6B00E2}.Release|Win32.ActiveCfg = Release|Win32
		{57A498C9-A741-4DDF-8EFC-BFB9EB6B00E2}.Release|Win32.Build.0 = Release|Win32
		{57A498C9-A741-4DDF-8EFC-BFB9EB6B00E2}.Release|x64.ActiveCfg = Release|x64
		{57A498C9-A741-4DDF-8EFC-BFB9EB6B00E2}.Release|x64.Build.0 = Release|x64
		{57A498C9-A741-4DDF-8EFC-BFB9EB6B00E2}.Release|Xbox 360.ActiveCfg = Release|Win32
		{CCCA7859-EB86-493E-9B53-C4235F45B3C5}.Debug|Win32.ActiveCfg = Release|Win32
		{CCCA7859-EB86-493E-9B53-C4235F45B3C5}.Debug|Win32.Build.0 = Release|Win32
		{CCCA7859-EB86-493E-9B53-C4235F45B3C5}.Debug|x64.ActiveCfg = Release|x64
		{CCCA7859-EB86-493E-9B53-C4235F45B3C5}.Debug|x64.Build.0 = Release|x64
		{CCCA7859-EB86-493E-9B53-C4235F45B3C5}.Debug|Xbox 360.ActiveCfg = Release|x64
		{CCCA7859-EB86-493E-9B53-C4235F45B3C5}.Debug|Xbox 360.Build.0 = Release|x64
		{CCCA7859-EB86-493E-9B53-C4235F45B3C5}.Release_Dedicated|Win32.ActiveCfg = Release|Win32
		{CCCA7859-EB86-493E-9B53-C4235F45B3C5}.Release_Dedicated|x64.ActiveCfg = Release|x64
		{CCCA7859-EB86-493E-9B53-C4235F45B3C5}.Release_Dedicated|x64.Build.0 = Release|x64
		{CCCA7859-EB86-493E-9B53-C4235F45B3C5}.Release_Dedicated|Xbox 360.ActiveCfg = Release|Win32
		{CCCA7859-EB86-493E-9B53-C4235F45B3C5}.Release_Dedicated|Xbox 360.Build.0 = Release|Win32
		{CCCA7859-EB86-493E-9B53-C4235F45B3C5}.Release_SSE|Win32.ActiveCfg = Release|Win32
		{CCCA7859-EB86-493E-9B53-C4235F45B3C5}.Release_SSE|Win32.Build.0 = Release|Win32
		{CCCA7859-EB86-493E-9B53-C4235F45B3C5}.Release_SSE|x64.ActiveCfg = Release|x64
		{CCCA7859-EB86-493E-9B53-C4235F45B3C5}.Release_SSE|x64.Build.0 = Release|x64
		{CCCA7859-EB86-493E-9B53-C4235F45B3C5}.Release_SSE|Xbox 360.ActiveCfg = Release|x64
		{CCCA7859-EB86-493E-9B53-C4235F45B3C5}.Release_SSE|Xbox 360.Build.0 = Release|x64
		{CCCA7859-EB86-493E-9B53-C4235F45B3C5}.Release_SSE2|Win32.ActiveCfg = Release|Win32
		{CCCA7859-EB86-493E-9B53-C4235F45B3C5}.Release_SSE2|Win32.Build.0 = Release|Win32
		{CCCA7859-EB86-493E-9B53-C4235F45B3C5}.Release_SSE2|x64.ActiveCfg = Release|x64
		{CCCA7859-EB86-493E-9B53-C4235F45B3C5}.Release_SSE2|x64.Build.0 = Release|x64
		{CCCA7859-EB86-493E-9B53-C4235F45B3C5}.Release_SSE2|Xbox 360.ActiveCfg = Release|x64
		{CCCA7859-EB86-493E-9B53-C4235F45B3C5}.Release_SSE2|Xbox 360.Build.0 = Release|x64
		{CCCA7859-EB86-493E-9B53-C4235F45B3C5}.Release|Win32.ActiveCfg = Release|Win32
		{CCCA7859-EB86-493E-9B53-C4235F45B3C5}.Release|Win32.Build.0 = Release|Win32
		{CCCA7859-EB86-493E-9B53-C4235F45B3C5}.Release|x64.ActiveCfg = Release|x64
		{CCCA7859-EB86-493E-9B53-C4235F45B3C5}.Release|x64.Build.0 = Release|x64
		{CCCA7859-EB86-493E-9B53-C4235F45B3C5}.Release|Xbox 360.ActiveCfg = Release|Win32
		{94A1C366-3D19-48E6-8170-4ADC2E70DF98}.Debug|Win32.ActiveCfg = Release|Win32
		{94A1C366-3D19-48E6-8170-4ADC2E70DF98}.Debug|Win32.Build.0 = Release|Win32
		{94A1C366-3D19-48E6-8170-4ADC2E70DF98}.Debug|x64.ActiveCfg = Release|x64
		{94A1C366-3D19-48E6-8170-4ADC2E70DF98}.Debug|x64.Build.0 = Release|x64
		{94A1C366-3D19-48E6-8170-4ADC2E70DF98}.Debug|Xbox 360.ActiveCfg = Release|x64
		{94A1C366-3D19-48E6-8170-4ADC2E70DF98}.Debug|Xbox 360.Build.0 = Release|x64
		{94A1C366-3D19-48E6-8170-4ADC2E70DF98}.Release_Dedicated|Win32.ActiveCfg = Release|Win32
		{94A1C366-3D19-48E6-8170-4ADC2E70DF98}.Release_Dedicated|x64.ActiveCfg = Release|x64
		{94A1C366-3D19-48E6-8170-4ADC2E70DF98}.Release_Dedicated|x64.Build.0 = Release|x64
		{94A1C366-3D19-48E6-8170-4ADC2E70DF98}.Release_Dedicated|Xbox 360.ActiveCfg = Release|Win32
		{94A1C366-3D19-48E6-8170-4ADC2E70DF98}.Release_Dedicated|Xbox 360.Build.0 = Release|Win32
		{94A1C366-3D19-48E6-8170-4ADC2E70DF98}.Release_SSE|Win32.ActiveCfg = Release|Win32
		{94A1C366-3D19-48E6-8170-4ADC2E70DF98}.Release_SSE|Win32.Build.0 = Release|Win32
		{94A1C366-3D19-48E6-8170-4ADC2E70DF98}.Release_SSE|x64.ActiveCfg = Release|x64
		{94A1C366-3D19-48E6-8170-4ADC2E70DF98}.Release_SSE|x64.Build.0 = Release|x64
		{94A1C366-3D19-48E6-8170-4ADC2E70DF98}.Release_SSE|Xbox 360.ActiveCfg = Release|x64
		{94A1C366-3D19-48E6-8170-4ADC2E70DF98}.Release_SSE|Xbox 360.Build.0 = Release|x64
		{94A1C366-3D19-48E6-8170-4ADC2E70DF98}.Release_SSE2|Win32.ActiveCfg = Release|Win32
		{94A1C366-3D19-48E6-8170-4ADC2E70DF98}.Release_SSE2|Win32.Build.0 = Release|Win32
		{94A1C366-3D19-48E6-8170-4ADC2E70DF98}.Release_SSE2|x64.ActiveCfg = Release|x64
		{94A1C366-3D19-48E6-8170-4ADC2E70DF98}.Release_SSE2|x64.Build.0 = Release|x64
		{94A1C366-3D19-48E6-8170-4ADC2E70DF98}.Release_SSE2|Xbox 360.ActiveCfg = Release|x64
		{94A1C366-3D19-48E6-8170-4ADC2E70DF98}.Release_SSE2|Xbox 360.Build.0 = Release|x64
		{94A1C366-3D19-48E6-8170-4ADC2E70DF98}.Release|Win32.ActiveCfg = Release|Win32
		{94A1C366-3D19-48E6-8170-4ADC2E70DF98}.Release|Win32.Build.0 = Release|Win32
		{94A1C366-3D19-48E6-8170-4ADC2E70DF98}.Release|x64.ActiveCfg = Release|x64
		{94A1C366-3D19-48E6-8170-4ADC2E70DF98}.Release|x64.Build.0 = Release|x64
		{94A1C366-3D19-48E6-8170-4ADC2E70DF98}.Release|Xbox 360.ActiveCfg = Release|Win32
		{1DAEC516-E52C-4A3C-A4DA-AE3553E6E0F8}.Debug|Win32.ActiveCfg = Release|Win32
		{1DAEC516-E52C-4A3C-A4DA-AE3553E6E0F8}.Debug|Win32.Build.0 = Release|Win32
		{1DAEC516-E52C-4A3C-A4DA-AE3553E6E0F8}.Debug|x64.ActiveCfg = Release|x64
		{1DAEC516-E52C-4A3C-A4DA-AE3553E6E0F8}.Debug|x64.Build.0 = Release|x64
		{1DAEC516-E52C-4A3C-A4DA-AE3553E6E0F8}.Debug|Xbox 360.ActiveCfg = Release|x64
		{1DAEC516-E52C-4A3C-A4DA-AE3553E6E0F8}.Debug|Xbox 360.Build.0 = Release|x64
		{1DAEC516-E52C-4A3C-A4DA-AE3553E6E0F8}.Release_Dedicated|Win32.ActiveCfg = Release|Win32
		{1DAEC516-E52C-4A3C-A4DA-AE3553E6E0F8}.Release_Dedicated|x64.ActiveCfg = Release|x64
		{1DAEC516-E52C-4A3C-A4DA-AE3553E6E0F8}.Release_Dedicated|x64.Build.0 = Release|x64
		{1DAEC516-E52C-4A3C-A4DA-AE3553E6E0F8}.Release_Dedicated|Xbox 360.ActiveCfg = Release|Win32
		{1DAEC516-E52C-4A3C-A4DA-AE3553E6E0F8}.Release_Dedicated|Xbox 360.Build.0 = Release|Win32
		{1DAEC516-E52C-4A3C-A4DA-AE3553E6E0F8}.Release_SSE|Win32.ActiveCfg = Release|Win32
		{1DAEC516-E52C-4A3C-A4DA-AE3553E6E0F8}.Release_SSE|Win32.Build.0 = Release|Win32
		{1DAEC516-E52C-4A3C-A4DA-AE3553E6E0F8}.Release_SSE|x64.ActiveCfg = Release|x64
		{1DAEC516-E52C-4A3C-A4DA-AE3553E6E0F8}.Release_SSE|x64.Build.0 = Release|x64
		{1DAEC516-E52C-4A3C-A4DA-AE3553E6E0F8}.Release_SSE|Xbox 360.ActiveCfg = Release|x64
		{1DAEC516-E52C-4A3C-A4DA-AE3553E6E0F8}.Release_SSE|Xbox 360.Build.0 = Release|x64
		{1DAEC516-E52C-4A3C-A4DA-AE3553E6E0F8}.Release_SSE2|Win32.ActiveCfg = Release|Win32
		{1DAEC516-E52C-4A3C-A4DA-AE3553E6E0F8}.Release_SSE2|Win32.Build.0 = Release|Win32
		{1DAEC516-E52C-4A3C-A4DA-AE3553E6E0F8}.Release_SSE2|x64.ActiveCfg = Release|x64
		{1DAEC516-E52C-4A3C-A4DA-AE3553E6E0F8}.Release_SSE2|x64.Build.0 = Release|x64
		{1DAEC516-E52C-4A3C-A4DA-AE3553E6E0F8}.Release_SSE2|Xbox 360.ActiveCfg = Release|x64
		{1DAEC516-E52C-4A3C-A4DA-AE3553E6E0F8}.Release_SSE2|Xbox 360.Build.0 = Release|x64
		{1DAEC516-E52C-4A3C-A4DA-AE3553E6E0F8}.Release|Win32.ActiveCfg = Release|Win32
		{1DAEC516-E52C-4A3C-A4DA-AE3553E6E0F8}.Release|Win32.Build.0 = Release|Win32
		{1DAEC516-E52C-4A3C-A4DA-AE3553E6E0F8}.Release|x64.ActiveCfg = Release|x64
		{1DAEC516-E52C-4A3C-A4DA-AE3553E6E0F8}.Release|x64.Build.0 = Release|x64
		{1DAEC516-E52C-4A3C-A4DA-AE3553E6E0F8}.Release|Xbox 360.ActiveCfg = Release|Win32
		{2578C6D8-660D-48AE-9322-7422F8664F06}.Debug|Win32.ActiveCfg = Release|Win32
		{2578C6D8-660D-48AE-9322-7422F8664F06}.Debug|Win32.Build.0 = Release|Win32
		{2578C6D8-660D-48AE-9322-7422F8664F06}.Debug|x64.ActiveCfg = Release|x64
		{2578C6D8-660D-48AE-9322-7422F8664F06}.Debug|x64.Build.0 = Release|x64
		{2578C6D8-660D-48AE-9322-7422F8664F06}.Debug|Xbox 360.ActiveCfg = Release|x64
		{2578C6D8-660D-48AE-9322-7422F8664F06}.Debug|Xbox 360.Build.0 = Release|x64
		{2578C6D8-660D-48AE-9322-7422F8664F06}.Release_Dedicated|Win32.ActiveCfg = Release_Dedicated|Win32
		{2578C6D8-660D-48AE-9322-7422F8664F06}.Release_Dedicated|Win32.Build.0 = Release_Dedicated|Win32
		{2578C6D8-660D-48AE-9322-7422F8664F06}.Release_Dedicated|x64.ActiveCfg = Release_Dedicated|x64
		{2578C6D8-660D-48AE-9322-7422F8664F06}.Release_Dedicated|x64.Build.0 = Release_Dedicated|x64
		{2578C6D8-660D-48AE-9322-7422F8664F06}.Release_Dedicated|Xbox 360.ActiveCfg = Release_Dedicated|Win32
		{2578C6D8-660D-48AE-9322-7422F8664F06}.Release_SSE|Win32.ActiveCfg = Release_Dedicated|Win32
		{2578C6D8-660D-48AE-9322-7422F8664F06}.Release_SSE|Win32.Build.0 = Release_Dedicated|Win32
		{2578C6D8-660D-48AE-9322-7422F8664F06}.Release_SSE|x64.ActiveCfg = Release_Dedicated|x64
		{2578C6D8-660D-48AE-9322-7422F8664F06}.Release_SSE|x64.Build.0 = Release_Dedicated|x64
		{2578C6D8-660D-48AE-9322-7422F8664F06}.Release_SSE|Xbox 360.ActiveCfg = Release_Dedicated|x64
		{2578C6D8-660D-48AE-9322-7422F8664F06}.Release_SSE|Xbox 360.Build.0 = Release_Dedicated|x64
		{2578C6D8-660D-48AE-9322-7422F8664F06}.Release_SSE2|Win32.ActiveCfg = Release_Dedicated|Win32
		{2578C6D8-660D-48AE-9322-7422F8664F06}.Release_SSE2|Win32.Build.0 = Release_Dedicated|Win32
		{2578C6D8-660D-48AE-9322-7422F8664F06}.Release_SSE2|x64.ActiveCfg = Release_Dedicated|x64
		{2578C6D8-660D-48AE-9322-7422F8664F06}.Release_SSE2|x64.Build.0 = Release_Dedicated|x64
		{2578C6D8-660D-48AE-9322-7422F8664F06}.Release_SSE2|Xbox 360.ActiveCfg = Release_Dedicated|x64
		{2578C6D8-660D-48AE-9322-7422F8664F06}.Release_SSE2|Xbox 360.Build.0 = Release_Dedicated|x64
		{2578C6D8-660D-48AE-9322-7422F8664F06}.Release|Win32.ActiveCfg = Release|Win32
		{2578C6D8-660D-48AE-9322-7422F8664F06}.Release|Win32.Build.0 = Release|Win32
		{2578C6D8-660D-48AE-9322-7422F8664F06}.Release|x64.ActiveCfg = Release|x64
		{2578C6D8-660D-48AE-9322-7422F8664F06}.Release|x64.Build.0 = Release|x64
		{2578C6D8-660D-48AE-9322-7422F8664F06}.Release|Xbox 360.ActiveCfg = Release|Win32
		{98D24A3D-7666-4C11-9D6E-B10393CE8CBA}.Debug|Win32.ActiveCfg = Release|Win32
		{98D24A3D-7666-4C11-9D6E-B10393CE8CBA}.Debug|Win32.Build.0 = Release|Win32
		{98D24A3D-7666-4C11-9D6E-B10393CE8CBA}.Debug|x64.ActiveCfg = Release|x64
		{98D24A3D-7666-4C11-9D6E-B10393CE8CBA}.Debug|x64.Build.0 = Release|x64
		{98D24A3D-7666-4C11-9D6E-B10393CE8CBA}.Debug|Xbox 360.ActiveCfg = Release|x64
		{98D24A3D-7666-4C11-9D6E-B10393CE8CBA}.Debug|Xbox 360.Build.0 = Release|x64
		{98D24A3D-7666-4C11-9D6E-B10393CE8CBA}.Release_Dedicated|Win32.ActiveCfg = Release|Win32
		{98D24A3D-7666-4C11-9D6E-B10393CE8CBA}.Release_Dedicated|x64.ActiveCfg = Release|x64
		{98D24A3D-7666-4C11-9D6E-B10393CE8CBA}.Release_Dedicated|x64.Build.0 = Release|x64
		{98D24A3D-7666-4C11-9D6E-B10393CE8CBA}.Release_Dedicated|Xbox 360.ActiveCfg = Release|Win32
		{98D24A3D-7666-4C11-9D6E-B10393CE8CBA}.Release_Dedicated|Xbox 360.Build.0 = Release|Win32
		{98D24A3D-7666-4C11-9D6E-B10393CE8CBA}.Release_SSE|Win32.ActiveCfg = Release|Win32
		{98D24A3D-7666-4C11-9D6E-B10393CE8CBA}.Release_SSE|Win32.Build.0 = Release|Win32
		{98D24A3D-7666-4C11-9D6E-B10393CE8CBA}.Release_SSE|x64.ActiveCfg = Release|x64
		{98D24A3D-7666-4C11-9D6E-B10393CE8CBA}.Release_SSE|x64.Build.0 = Release|x64
		{98D24A3D-7666-4C11-9D6E-B10393CE8CBA}.Release_SSE|Xbox 360.ActiveCfg = Release|x64
		{98D24A3D-7666-4C11-9D6E-B10393CE8CBA}.Release_SSE|Xbox 360.Build.0 = Release|x64
		{98D24A3D-7666-4C11-9D6E-B10393CE8CBA}.Release_SSE2|Win32.ActiveCfg = Release|Win32
		{98D24A3D-7666-4C11-9D6E-B10393CE8CBA}.Release_SSE2|Win32.Build.0 = Release|Win32
		{98D24A3D-7666-4C11-9D6E-B10393CE8CBA}.Release_SSE2|x64.ActiveCfg = Release|x64
		{98D24A3D-7666-4C11-9D6E-B10393CE8CBA}.Release_SSE2|x64.Build.0 = Release|x64
		{98D24A3D-7666-4C11-9D6E-B10393CE8CBA}.Release_SSE2|Xbox 360.ActiveCfg = Release|x64
		{98D24A3D-7666-4C11-9D6E-B10393CE8CBA}.Release_SSE2|Xbox 360.Build.0 = Release|x64
		{98D24A3D-7666-4C11-9D6E-B10393CE8CBA}.Release|Win32.ActiveCfg = Release|Win32
		{98D24A3D-7666-4C11-9D6E-B10393CE8CBA}.Release|Win32.Build.0 = Release|Win32
		{98D24A3D-7666-4C11-9D6E-B10393CE8CBA}.Release|x64.ActiveCfg = Release|x64
		{98D24A3D-7666-4C11-9D6E-B10393CE8CBA}.Release|x64.Build.0 = Release|x64
		{98D24A3D-7666-4C11-9D6E-B10393CE8CBA}.Release|Xbox 360.ActiveCfg = Release|Win32
		{880CD250-BA77-4DAF-A8D4-552F12DD3AE4}.Debug|Win32.ActiveCfg = Release|Win32
		{880CD250-BA77-4DAF-A8D4-552F12DD3AE4}.Debug|Win32.Build.0 = Release|Win32
		{880CD250-BA77-4DAF-A8D4-552F12DD3AE4}.Debug|x64.ActiveCfg = Release|x64
		{880CD250-BA77-4DAF-A8D4-552F12DD3AE4}.Debug|x64.Build.0 = Release|x64
		{880CD250-BA77-4DAF-A8D4-552F12DD3AE4}.Debug|Xbox 360.ActiveCfg = Release|x64
		{880CD250-BA77-4DAF-A8D4-552F12DD3AE4}.Debug|Xbox 360.Build.0 = Release|x64
		{880CD250-BA77-4DAF-A8D4-552F12DD3AE4}.Release_Dedicated|Win32.ActiveCfg = Release|Win32
		{880CD250-BA77-4DAF-A8D4-552F12DD3AE4}.Release_Dedicated|x64.ActiveCfg = Release|x64
		{880CD250-BA77-4DAF-A8D4-552F12DD3AE4}.Release_Dedicated|x64.Build.0 = Release|x64
		{880CD250-BA77-4DAF-A8D4-552F12DD3AE4}.Release_Dedicated|Xbox 360.ActiveCfg = Release|Win32
		{880CD250-BA77-4DAF-A8D4-552F12DD3AE4}.Release_SSE|Win32.ActiveCfg = Release|Win32
		{880CD250-BA77-4DAF-A8D4-552F12DD3AE4}.Release_SSE|Win32.Build.0 = Release|Win32
		{880CD250-BA77-4DAF-A8D4-552F12DD3AE4}.Release_SSE|x64.ActiveCfg = Release|x64
		{880CD250-BA77-4DAF-A8D4-552F12DD3AE4}.Release_SSE|x64.Build.0 = Release|x64
		{880CD250-BA77-4DAF-A8D4-552F12DD3AE4}.Release_SSE|Xbox 360.ActiveCfg = Release|x64
		{880CD250-BA77-4DAF-A8D4-552F12DD3AE4}.Release_SSE|Xbox 360.Build.0 = Release|x64
		{880CD250-BA77-4DAF-A8D4-552F12DD3AE4}.Release_SSE2|Win32.ActiveCfg = Release|Win32
		{880CD250-BA77-4DAF-A8D4-552F12DD3AE4}.Release_SSE2|Win32.Build.0 = Release|Win32
		{880CD250-BA77-4DAF-A8D4-552F12DD3AE4}.Release_SSE2|x64.ActiveCfg = Release|x64
		{880CD250-BA77-4DAF-A8D4-552F12DD3AE4}.Release_SSE2|x64.Build.0 = Release|x64
		{880CD250-BA77-4DAF-A8D4-552F12DD3AE4}.Release_SSE2|Xbox 360.ActiveCfg = Release|x64
		{880CD250-BA77-4DAF-A8D4-552F12DD3AE4}.Release_SSE2|Xbox 360.Build.0 = Release|x64
		{880CD250-BA77-4DAF-A8D4-552F12DD3AE4}.Release|Win32.ActiveCfg = Release|Win32
		{880CD250-BA77-4DAF-A8D4-552F12DD3AE4}.Release|Win32.Build.0 = Release|Win32
		{880CD250-BA77-4DAF-A8D4-552F12DD3AE4}.Release|x64.ActiveCfg = Release|x64
		{880CD250-BA77-4DAF-A8D4-552F12DD3AE4}.Release|x64.Build.0 = Release|x64
		{880CD250-BA77-4DAF-A8D4-552F12DD3AE4}.Release|Xbox 360.ActiveCfg = Release|Win32
		{E6343391-13FC-479E-B62F-1C24F7B85408}.Debug|Win32.ActiveCfg = Release|Win32
		{E6343391-13FC-479E-B62F-1C24F7B85408}.Debug|Win32.Build.0 = Release|Win32
		{E6343391-13FC-479E-B62F-1C24F7B85408}.Debug|x64.ActiveCfg = Release|x64
		{E6343391-13FC-479E-B62F-1C24F7B85408}.Debug|x64.Build.0 = Release|x64
		{E6343391-13FC-479E-B62F-1C24F7B85408}.Debug|Xbox 360.ActiveCfg = Release|x64
		{E6343391-13FC-479E-B62F-1C24F7B85408}.Debug|Xbox 360.Build.0 = Release|x64
		{E6343391-13FC-479E-B62F-1C24F7B85408}.Release_Dedicated|Win32.ActiveCfg = Release|Win32
		{E6343391-13FC-479E-B62F-1C24F7B85408}.Release_Dedicated|x64.ActiveCfg = Release|x64
		{E6343391-13FC-479E-B62F-1C24F7B85408}.Release_Dedicated|x64.Build.0 = Release|x64
		{E6343391-13FC-479E-B62F-1C24F7B85408}.Release_Dedicated|Xbox 360.ActiveCfg = Release|Win32
		{E6343391-13FC-479E-B62F-1C24F7B85408}.Release_SSE|Win32.ActiveCfg = Release|Win32
		{E6343391-13FC-479E-B62F-1C24F7B85408}.Release_SSE|Win32.Build.0 = Release|Win32
		{E6343391-13FC-479E-B62F-1C24F7B85408}.Release_SSE|x64.ActiveCfg = Release|x64
		{E6343391-13FC-479E-B62F-1C24F7B85408}.Release_SSE|x64.Build.0 = Release|x64
		{E6343391-13FC-479E-B62F-1C24F7B85408}.Release_SSE|Xbox 360.ActiveCfg = Release|x64
		{E6343391-13FC-479E-B62F-1C24F7B85408}.Release_SSE|Xbox 360.Build.0 = Release|x64
		{E6343391-13FC-479E-B62F-1C24F7B85408}.Release_SSE2|Win32.ActiveCfg = Release|Win32
		{E6343391-13FC-479E-B62F-1C24F7B85408}.Release_SSE2|Win32.Build.0 = Release|Win32
		{E6343391-13FC-479E-B62F-1C24F7B85408}.Release_SSE2|x64.ActiveCfg = Release|x64
		{E6343391-13FC-479E-B62F-1C24F7B85408}.Release_SSE2|x64.Build.0 = Release|x64
		{E6343391-13FC-479E-B62F-1C24F7B85408}.Release_SSE2|Xbox 360.ActiveCfg = Release|x64
		{E6343391-13FC-479E-B62F-1C24F7B85408}.Release_SSE2|Xbox 360.Build.0 = Release|x64
		{E6343391-13FC-479E-B62F-1C24F7B85408}.Release|Win32.ActiveCfg = Release|Win32
		{E6343391-13FC-479E-B62F-1C24F7B85408}.Release|Win32.Build.0 = Release|Win32
		{E6343391-13FC-479E-B62F-1C24F7B85408}.Release|x64.ActiveCfg = Release|x64
		{E6343391-13FC-479E-B62F-1C24F7B85408}.Release|x64.Build.0 = Release|x64
		{E6343391-13FC-479E-B62F-1C24F7B85408}.Release|Xbox 360.ActiveCfg = Release|Win32
		{FA169092-EA3E-40C1-8E5A-A2B575700FE8}.Debug|Win32.ActiveCfg = Release|Win32
		{FA169092-EA3E-40C1-8E5A-A2B575700FE8}.Debug|Win32.Build.0 = Release|Win32
		{FA169092-EA3E-40C1-8E5A-A2B575700FE8}.Debug|x64.ActiveCfg = Release|x64
		{FA169092-EA3E-40C1-8E5A-A2B575700FE8}.Debug|x64.Build.0 = Release|x64
		{FA169092-EA3E-40C1-8E5A-A2B575700FE8}.Debug|Xbox 360.ActiveCfg = Release|x64
		{FA169092-EA3E-40C1-8E5A-A2B575700FE8}.Debug|Xbox 360.Build.0 = Release|x64
		{FA169092-EA3E-40C1-8E5A-A2B575700FE8}.Release_Dedicated|Win32.ActiveCfg = Release|Win32
		{FA169092-EA3E-40C1-8E5A-A2B575700FE8}.Release_Dedicated|x64.ActiveCfg = Release|x64
		{FA169092-EA3E-40C1-8E5A-A2B575700FE8}.Release_Dedicated|x64.Build.0 = Release|x64
		{FA169092-EA3E-40C1-8E5A-A2B575700FE8}.Release_Dedicated|Xbox 360.ActiveCfg = Release|Win32
		{FA169092-EA3E-40C1-8E5A-A2B575700FE8}.Release_SSE|Win32.ActiveCfg = Release|Win32
		{FA169092-EA3E-40C1-8E5A-A2B575700FE8}.Release_SSE|Win32.Build.0 = Release|Win32
		{FA169092-EA3E-40C1-8E5A-A2B575700FE8}.Release_SSE|x64.ActiveCfg = Release|x64
		{FA169092-EA3E-40C1-8E5A-A2B575700FE8}.Release_SSE|x64.Build.0 = Release|x64
		{FA169092-EA3E-40C1-8E5A-A2B575700FE8}.Release_SSE|Xbox 360.ActiveCfg = Release|x64
		{FA169092-EA3E-40C1-8E5A-A2B575700FE8}.Release_SSE|Xbox 360.Build.0 = Release|x64
		{FA169092-EA3E-40C1-8E5A-A2B575700FE8}.Release_SSE2|Win32.ActiveCfg = Release|Win32
		{FA169092-EA3E-40C1-8E5A-A2B575700FE8}.Release_SSE2|Win32.Build.0 = Release|Win32
		{FA169092-EA3E-40C1-8E5A-A2B575700FE8}.Release_SSE2|x64.ActiveCfg = Release|x64
		{FA169092-EA3E-40C1-8E5A-A2B575700FE8}.Release_SSE2|x64.Build.0 = Release|x64
		{FA169092-EA3E-40C1-8E5A-A2B575700FE8}.Release_SSE2|Xbox 360.ActiveCfg = Release|x64
		{FA169092-EA3E-40C1-8E5A-A2B575700FE8}.Release_SSE2|Xbox 360.Build.0 = Release|x64
		{FA169092-EA3E-40C1-8E5A-A2B575700FE8}.Release|Win32.ActiveCfg = Release|Win32
		{FA169092-EA3E-40C1-8E5A-A2B575700FE8}.Release|Win32.Build.0 = Release|Win32
		{FA169092-EA3E-40C1-8E5A-A2B575700FE8}.Release|x64.ActiveCfg = Release|x64
		{FA169092-EA3E-40C1-8E5A-A2B575700FE8}.Release|x64.Build.0 = Release|x64
		{FA169092-EA3E-40C1-8E5A-A2B575700FE8}.Release|Xbox 360.ActiveCfg = Release|Win32
		{AC9B12ED-A2D7-4337-A981-5BD8430E96D8}.Debug|Win32.ActiveCfg = Release|Win32
		{AC9B12ED-A2D7-4337-A981-5BD8430E96D8}.Debug|Win32.Build.0 = Release|Win32
		{AC9B12ED-A2D7-4337-A981-5BD8430E96D8}.Debug|x64.ActiveCfg = Release|x64
		{AC9B12ED-A2D7-4337-A981-5BD8430E96D8}.Debug|x64.Build.0 = Release|x64
		{AC9B12ED-A2D7-4337-A981-5BD8430E96D8}.Debug|Xbox 360.ActiveCfg = Release|x64
		{AC9B12ED-A2D7-4337-A981-5BD8430E96D8}.Debug|Xbox 360.Build.0 = Release|x64
		{AC9B12ED-A2D7-4337-A981-5BD8430E96D8}.Release_Dedicated|Win32.ActiveCfg = Release|Win32
		{AC9B12ED-A2D7-4337-A981-5BD8430E96D8}.Release_Dedicated|x64.ActiveCfg = Release|x64
		{AC9B12ED-A2D7-4337-A981-5BD8430E96D8}.Release_Dedicated|x64.Build.0 = Release|x64
		{AC9B12ED-A2D7-4337-A981-5BD8430E96D8}.Release_Dedicated|Xbox 360.ActiveCfg = Release|Win32
		{AC9B12ED-A2D7-4337-A981-5BD8430E96D8}.Release_SSE|Win32.ActiveCfg = Release|Win32
		{AC9B12ED-A2D7-4337-A981-5BD8430E96D8}.Release_SSE|Win32.Build.0 = Release|Win32
		{AC9B12ED-A2D7-4337-A981-5BD8430E96D8}.Release_SSE|x64.ActiveCfg = Release|x64
		{AC9B12ED-A2D7-4337-A981-5BD8430E96D8}.Release_SSE|x64.Build.0 = Release|x64
		{AC9B12ED-A2D7-4337-A981-5BD8430E96D8}.Release_SSE|Xbox 360.ActiveCfg = Release|x64
		{AC9B12ED-A2D7-4337-A981-5BD8430E96D8}.Release_SSE|Xbox 360.Build.0 = Release|x64
		{AC9B12ED-A2D7-4337-A981-5BD8430E96D8}.Release_SSE2|Win32.ActiveCfg = Release|Win32
		{AC9B12ED-A2D7-4337-A981-5BD8430E96D8}.Release_SSE2|Win32.Build.0 = Release|Win32
		{AC9B12ED-A2D7-4337-A981-5BD8430E96D8}.Release_SSE2|x64.ActiveCfg = Release|x64
		{AC9B12ED-A2D7-4337-A981-5BD8430E96D8}.Release_SSE2|x64.Build.0 = Release|x64
		{AC9B12ED-A2D7-4337-A981-5BD8430E96D8}.Release_SSE2|Xbox 360.ActiveCfg = Release|x64
		{AC9B12ED-A2D7-4337-A981-5BD8430E96D8}.Release_SSE2|Xbox 360.Build.0 = Release|x64
		{AC9B12ED-A2D7-4337-A981-5BD8430E96D8}.Release|Win32.ActiveCfg = Release|Win32
		{AC9B12ED-A2D7-4337-A981-5BD8430E96D8}.Release|Win32.Build.0 = Release|Win32
		{AC9B12ED-A2D7-4337-A981-5BD8430E96D8}.Release|x64.ActiveCfg = Release|x64
		{AC9B12ED-A2D7-4337-A981-5BD8430E96D8}.Release|x64.Build.0 = Release|x64
		{AC9B12ED-A2D7-4337-A981-5BD8430E96D8}.Release|Xbox 360.ActiveCfg = Release|Win32
		{CC52E0B3-CC35-4934-9302-035B748F3F2C}.Debug|Win32.ActiveCfg = Debug|x64
		{CC52E0B3-CC35-4934-9302-035B748F3F2C}.Debug|Win32.Build.0 = Debug|x64
		{CC52E0B3-CC35-4934-9302-035B748F3F2C}.Debug|x64.ActiveCfg = Debug|x64
		{CC52E0B3-CC35-4934-9302-035B748F3F2C}.Debug|x64.Build.0 = Debug|x64
		{CC52E0B3-CC35-4934-9302-035B748F3F2C}.Debug|Xbox 360.ActiveCfg = Debug|x64
		{CC52E0B3-CC35-4934-9302-035B748F3F2C}.Debug|Xbox 360.Build.0 = Debug|x64
		{CC52E0B3-CC35-4934-9302-035B748F3F2C}.Release_Dedicated|Win32.ActiveCfg = Release|x64
		{CC52E0B3-CC35-4934-9302-035B748F3F2C}.Release_Dedicated|Win32.Build.0 = Release|x64
		{CC52E0B3-CC35-4934-9302-035B748F3F2C}.Release_Dedicated|x64.ActiveCfg = Release|x64
		{CC52E0B3-CC35-4934-9302-035B748F3F2C}.Release_Dedicated|x64.Build.0 = Release|x64
		{CC52E0B3-CC35-4934-9302-035B748F3F2C}.Release_Dedicated|Xbox 360.ActiveCfg = Release|x64
		{CC52E0B3-CC35-4934-9302-035B748F3F2C}.Release_Dedicated|Xbox 360.Build.0 = Release|x64
		{CC52E0B3-CC35-4934-9302-035B748F3F2C}.Release_SSE|Win32.ActiveCfg = Release|x64
		{CC52E0B3-CC35-4934-9302-035B748F3F2C}.Release_SSE|Win32.Build.0 = Release|x64
		{CC52E0B3-CC35-4934-9302-035B748F3F2C}.Release_SSE|x64.ActiveCfg = Release|x64
		{CC52E0B3-CC35-4934-9302-035B748F3F2C}.Release_SSE|x64.Build.0 = Release|x64
		{CC52E0B3-CC35-4934-9302-035B748F3F2C}.Release_SSE|Xbox 360.ActiveCfg = Release|x64
		{CC52E0B3-CC35-4934-9302-035B748F3F2C}.Release_SSE|Xbox 360.Build.0 = Release|x64
		{CC52E0B3-CC35-4934-9302-035B748F3F2C}.Release_SSE2|Win32.ActiveCfg = Release|x64
		{CC52E0B3-CC35-4934-9302-035B748F3F2C}.Release_SSE2|Win32.Build.0 = Release|x64
		{CC52E0B3-CC35-4934-9302-035B748F3F2C}.Release_SSE2|x64.ActiveCfg = Release|x64
		{CC52E0B3-CC35-4934-9302-035B748F3F2C}.Release_SSE2|x64.Build.0 = Release|x64
		{CC52E0B3-CC35-4934-9302-035B748F3F2C}.Release_SSE2|Xbox 360.ActiveCfg = Release|x64
		{CC52E0B3-CC35-4934-9302-035B748F3F2C}.Release_SSE2|Xbox 360.Build.0 = Release|x64
		{CC52E0B3-CC35-4934-9302-035B748F3F2C}.Release|Win32.ActiveCfg = Release|x64
		{CC52E0B3-CC35-4934-9302-035B748F3F2C}.Release|Win32.Build.0 = Release|x64
		{CC52E0B3-CC35-4934-9302-035B748F3F2C}.Release|x64.ActiveCfg = Release|x64
		{CC52E0B3-CC35-4934-9302-035B748F3F2C}.Release|x64.Build.0 = Release|x64
		{CC52E0B3-CC35-4934-9302-035B748F3F2C}.Release|Xbox 360.ActiveCfg = Release|x64
		{15CBFEFF-7965-41F5-B4E2-21E8795C9159}.Debug|Win32.ActiveCfg = Release|Win32
		{15CBFEFF-7965-41F5-B4E2-21E8795C9159}.Debug|Win32.Build.0 = Release|Win32
		{15CBFEFF-7965-41F5-B4E2-21E8795C9159}.Debug|x64.ActiveCfg = Release|x64
		{15CBFEFF-7965-41F5-B4E2-21E8795C9159}.Debug|x64.Build.0 = Release|x64
		{15CBFEFF-7965-41F5-B4E2-21E8795C9159}.Debug|Xbox 360.ActiveCfg = Release|x64
		{15CBFEFF-7965-41F5-B4E2-21E8795C9159}.Debug|Xbox 360.Build.0 = Release|x64
		{15CBFEFF-7965-41F5-B4E2-21E8795C9159}.Release_Dedicated|Win32.ActiveCfg = Release|Win32
		{15CBFEFF-7965-41F5-B4E2-21E8795C9159}.Release_Dedicated|Win32.Build.0 = Release|Win32
		{15CBFEFF-7965-41F5-B4E2-21E8795C9159}.Release_Dedicated|x64.ActiveCfg = Release|x64
		{15CBFEFF-7965-41F5-B4E2-21E8795C9159}.Release_Dedicated|x64.Build.0 = Release|x64
		{15CBFEFF-7965-41F5-B4E2-21E8795C9159}.Release_Dedicated|Xbox 360.ActiveCfg = Release|x64
		{15CBFEFF-7965-41F5-B4E2-21E8795C9159}.Release_Dedicated|Xbox 360.Build.0 = Release|x64
		{15CBFEFF-7965-41F5-B4E2-21E8795C9159}.Release_SSE|Win32.ActiveCfg = Release|Win32
		{15CBFEFF-7965-41F5-B4E2-21E8795C9159}.Release_SSE|Win32.Build.0 = Release|Win32
		{15CBFEFF-7965-41F5-B4E2-21E8795C9159}.Release_SSE|x64.ActiveCfg = Release|x64
		{15CBFEFF-7965-41F5-B4E2-21E8795C9159}.Release_SSE|x64.Build.0 = Release|x64
		{15CBFEFF-7965-41F5-B4E2-21E8795C9159}.Release_SSE|Xbox 360.ActiveCfg = Release|x64
		{15CBFEFF-7965-41F5-B4E2-21E8795C9159}.Release_SSE|Xbox 360.Build.0 = Release|x64
		{15CBFEFF-7965-41F5-B4E2-21E8795C9159}.Release_SSE2|Win32.ActiveCfg = Release|Win32
		{15CBFEFF-7965-41F5-B4E2-21E8795C9159}.Release_SSE2|Win32.Build.0 = Release|Win32
		{15CBFEFF-7965-41F5-B4E2-21E8795C9159}.Release_SSE2|x64.ActiveCfg = Release|x64
		{15CBFEFF-7965-41F5-B4E2-21E8795C9159}.Release_SSE2|x64.Build.0 = Release|x64
		{15CBFEFF-7965-41F5-B4E2-21E8795C9159}.Release_SSE2|Xbox 360.ActiveCfg = Release|x64
		{15CBFEFF-7965-41F5-B4E2-21E8795C9159}.Release_SSE2|Xbox 360.Build.0 = Release|x64
		{15CBFEFF-7965-41F5-B4E2-21E8795C9159}.Release|Win32.ActiveCfg = Release|Win32
		{15CBFEFF-7965-41F5-B4E2-21E8795C9159}.Release|Win32.Build.0 = Release|Win32
		{15CBFEFF-7965-41F5-B4E2-21E8795C9159}.Release|x64.ActiveCfg = Release|x64
		{15CBFEFF-7965-41F5-B4E2-21E8795C9159}.Release|x64.Build.0 = Release|x64
		{15CBFEFF-7965-41F5-B4E2-21E8795C9159}.Release|Xbox 360.ActiveCfg = Release|x64
		{15CBFEFF-7965-41F5-B4E2-21E8795C9159}.Release|Xbox 360.Build.0 = Release|x64
		{653F3841-3F26-49B9-AFCF-091DB4B67031}.Debug|Win32.ActiveCfg = Release|Win32
		{653F3841-3F26-49B9-AFCF-091DB4B67031}.Debug|Win32.Build.0 = Release|Win32
		{653F3841-3F26-49B9-AFCF-091DB4B67031}.Debug|x64.ActiveCfg = Release|x64
		{653F3841-3F26-49B9-AFCF-091DB4B67031}.Debug|x64.Build.0 = Release|x64
		{653F3841-3F26-49B9-AFCF-091DB4B67031}.Debug|Xbox 360.ActiveCfg = Release|x64
		{653F3841-3F26-49B9-AFCF-091DB4B67031}.Debug|Xbox 360.Build.0 = Release|x64
		{653F3841-3F26-49B9-AFCF-091DB4B67031}.Release_Dedicated|Win32.ActiveCfg = Release|Win32
		{653F3841-3F26-49B9-AFCF-091DB4B67031}.Release_Dedicated|Win32.Build.0 = Release|Win32
		{653F3841-3F26-49B9-AFCF-091DB4B67031}.Release_Dedicated|x64.ActiveCfg = Release|x64
		{653F3841-3F26-49B9-AFCF-091DB4B67031}.Release_Dedicated|x64.Build.0 = Release|x64
		{653F3841-3F26-49B9-AFCF-091DB4B67031}.Release_Dedicated|Xbox 360.ActiveCfg = Release|x64
		{653F3841-3F26-49B9-AFCF-091DB4B67031}.Release_Dedicated|Xbox 360.Build.0 = Release|x64
		{653F3841-3F26-49B9-AFCF-091DB4B67031}.Release_SSE|Win32.ActiveCfg = Release|Win32
		{653F3841-3F26-49B9-AFCF-091DB4B67031}.Release_SSE|Win32.Build.0 = Release|Win32
		{653F3841-3F26-49B9-AFCF-091DB4B67031}.Release_SSE|x64.ActiveCfg = Release|x64
		{653F3841-3F26-49B9-AFCF-091DB4B67031}.Release_SSE|x64.Build.0 = Release|x64
		{653F3841-3F26-49B9-AFCF-091DB4B67031}.Release_SSE|Xbox 360.ActiveCfg = Release|x64
		{653F3841-3F26-49B9-AFCF-091DB4B67031}.Release_SSE|Xbox 360.Build.0 = Release|x64
		{653F3841-3F26-49B9-AFCF-091DB4B67031}.Release_SSE2|Win32.ActiveCfg = Release|Win32
		{653F3841-3F26-49B9-AFCF-091DB4B67031}.Release_SSE2|Win32.Build.0 = Release|Win32
		{653F3841-3F26-49B9-AFCF-091DB4B67031}.Release_SSE2|x64.ActiveCfg = Release|x64
		{653F3841-3F26-49B9-AFCF-091DB4B67031}.Release_SSE2|x64.Build.0 = Release|x64
		{653F3841-3F26-49B9-AFCF-091DB4B67031}.Release_SSE2|Xbox 360.ActiveCfg = Release|x64
		{653F3841-3F26-49B9-AFCF-091DB4B67031}.Release_SSE2|Xbox 360.Build.0 = Release|x64
		{653F3841-3F26-49B9-AFCF-091DB4B67031}.Release|Win32.ActiveCfg = Release|Win32
		{653F3841-3F26-49B9-AFCF-091DB4B67031}.Release|Win32.Build.0 = Release|Win32
		{653F3841-3F26-49B9-AFCF-091DB4B67031}.Release|x64.ActiveCfg = Release|x64
		{653F3841-3F26-49B9-AFCF-091DB4B67031}.Release|x64.Build.0 = Release|x64
		{653F3841-3F26-49B9-AFCF-091DB4B67031}.Release|Xbox 360.ActiveCfg = Release|x64
		{653F3841-3F26-49B9-AFCF-091DB4B67031}.Release|Xbox 360.Build.0 = Release|x64
		{3A214E06-B95E-4D61-A291-1F8DF2EC10FD}.Debug|Win32.ActiveCfg = Release|Win32
		{3A214E06-B95E-4D61-A291-1F8DF2EC10FD}.Debug|Win32.Build.0 = Release|Win32
		{3A214E06-B95E-4D61-A291-1F8DF2EC10FD}.Debug|x64.ActiveCfg = Release|x64
		{3A214E06-B95E-4D61-A291-1F8DF2EC10FD}.Debug|x64.Build.0 = Release|x64
		{3A214E06-B95E-4D61-A291-1F8DF2EC10FD}.Debug|Xbox 360.ActiveCfg = Release|x64
		{3A214E06-B95E-4D61-A291-1F8DF2EC10FD}.Debug|Xbox 360.Build.0 = Release|x64
		{3A214E06-B95E-4D61-A291-1F8DF2EC10FD}.Release_Dedicated|Win32.ActiveCfg = Release|Win32
		{3A214E06-B95E-4D61-A291-1F8DF2EC10FD}.Release_Dedicated|Win32.Build.0 = Release|Win32
		{3A214E06-B95E-4D61-A291-1F8DF2EC10FD}.Release_Dedicated|x64.ActiveCfg = Release|x64
		{3A214E06-B95E-4D61-A291-1F8DF2EC10FD}.Release_Dedicated|x64.Build.0 = Release|x64
		{3A214E06-B95E-4D61-A291-1F8DF2EC10FD}.Release_Dedicated|Xbox 360.ActiveCfg = Release|x64
		{3A214E06-B95E-4D61-A291-1F8DF2EC10FD}.Release_Dedicated|Xbox 360.Build.0 = Release|x64
		{3A214E06-B95E-4D61-A291-1F8DF2EC10FD}.Release_SSE|Win32.ActiveCfg = Release|Win32
		{3A214E06-B95E-4D61-A291-1F8DF2EC10FD}.Release_SSE|Win32.Build.0 = Release|Win32
		{3A214E06-B95E-4D61-A291-1F8DF2EC10FD}.Release_SSE|x64.ActiveCfg = Release|x64
		{3A214E06-B95E-4D61-A291-1F8DF2EC10FD}.Release_SSE|x64.Build.0 = Release|x64
		{3A214E06-B95E-4D61-A291-1F8DF2EC10FD}.Release_SSE|Xbox 360.ActiveCfg = Release|x64
		{3A214E06-B95E-4D61-A291-1F8DF2EC10FD}.Release_SSE|Xbox 360.Build.0 = Release|x64
		{3A214E06-B95E-4D61-A291-1F8DF2EC10FD}.Release_SSE2|Win32.ActiveCfg = Release|Win32
		{3A214E06-B95E-4D61-A291-1F8DF2EC10FD}.Release_SSE2|Win32.Build.0 = Release|Win32
		{3A214E06-B95E-4D61-A291-1F8DF2EC10FD}.Release_SSE2|x64.ActiveCfg = Release|x64
		{3A214E06-B95E-4D61-A291-1F8DF2EC10FD}.Release_SSE2|x64.Build.0 = Release|x64
		{3A214E06-B95E-4D61-A291-1F8DF2EC10FD}.Release_SSE2|Xbox 360.ActiveCfg = Release|x64
		{3A214E06-B95E-4D61-A291-1F8DF2EC10FD}.Release_SSE2|Xbox 360.Build.0 = Release|x64
		{3A214E06-B95E-4D61-A291-1F8DF2EC10FD}.Release|Win32.ActiveCfg = Release|Win32
		{3A214E06-B95E-4D61-A291-1F8DF2EC10FD}.Release|Win32.Build.0 = Release|Win32
		{3A214E06-B95E-4D61-A291-1F8DF2EC10FD}.Release|x64.ActiveCfg = Release|x64
		{3A214E06-B95E-4D61-A291-1F8DF2EC10FD}.Release|x64.Build.0 = Release|x64
		{3A214E06-B95E-4D61-A291-1F8DF2EC10FD}.Release|Xbox 360.ActiveCfg = Release|x64
		{3A214E06-B95E-4D61-A291-1F8DF2EC10FD}.Release|Xbox 360.Build.0 = Release|x64
		{61D4856F-FA82-4F02-BB88-909DDFB1FE74}.Debug|Win32.ActiveCfg = Debug|Win32
		{61D4856F-FA82-4F02-BB88-909DDFB1FE74}.Debug|Win32.Build.0 = Debug|Win32
		{61D4856F-FA82-4F02-BB88-909DDFB1FE74}.Debug|x64.ActiveCfg = Debug|x64
		{61D4856F-FA82-4F02-BB88-909DDFB1FE74}.Debug|x64.Build.0 = Debug|x64
		{61D4856F-FA82-4F02-BB88-909DDFB1FE74}.Debug|Xbox 360.ActiveCfg = Debug|x64
		{61D4856F-FA82-4F02-BB88-909DDFB1FE74}.Debug|Xbox 360.Build.0 = Debug|x64
		{61D4856F-FA82-4F02-BB88-909DDFB1FE74}.Release_Dedicated|Win32.ActiveCfg = Release|Win32
		{61D4856F-FA82-4F02-BB88-909DDFB1FE74}.Release_Dedicated|Win32.Build.0 = Release|Win32
		{61D4856F-FA82-4F02-BB88-909DDFB1FE74}.Release_Dedicated|x64.ActiveCfg = Release|x64
		{61D4856F-FA82-4F02-BB88-909DDFB1FE74}.Release_Dedicated|x64.Build.0 = Release|x64
		{61D4856F-FA82-4F02-BB88-909DDFB1FE74}.Release_Dedicated|Xbox 360.ActiveCfg = Release|x64
		{61D4856F-FA82-4F02-BB88-909DDFB1FE74}.Release_Dedicated|Xbox 360.Build.0 = Release|x64
		{61D4856F-FA82-4F02-BB88-909DDFB1FE74}.Release_SSE|Win32.ActiveCfg = Release|Win32
		{61D4856F-FA82-4F02-BB88-909DDFB1FE74}.Release_SSE|Win32.Build.0 = Release|Win32
		{61D4856F-FA82-4F02-BB88-909DDFB1FE74}.Release_SSE|x64.ActiveCfg = Release|x64
		{61D4856F-FA82-4F02-BB88-909DDFB1FE74}.Release_SSE|x64.Build.0 = Release|x64
		{61D4856F-FA82-4F02-BB88-909DDFB1FE74}.Release_SSE|Xbox 360.ActiveCfg = Release|x64
		{61D4856F-FA82-4F02-BB88-909DDFB1FE74}.Release_SSE|Xbox 360.Build.0 = Release|x64
		{61D4856F-FA82-4F02-BB88-909DDFB1FE74}.Release_SSE2|Win32.ActiveCfg = Release|Win32
		{61D4856F-FA82-4F02-BB88-909DDFB1FE74}.Release_SSE2|Win32.Build.0 = Release|Win32
		{61D4856F-FA82-4F02-BB88-909DDFB1FE74}.Release_SSE2|x64.ActiveCfg = Release|x64
		{61D4856F-FA82-4F02-BB88-909DDFB1FE74}.Release_SSE2|x64.Build.0 = Release|x64
		{61D4856F-FA82-4F02-BB88-909DDFB1FE74}.Release_SSE2|Xbox 360.ActiveCfg = Release|x64
		{61D4856F-FA82-4F02-BB88-909DDFB1FE74}.Release_SSE2|Xbox 360.Build.0 = Release|x64
		{61D4856F-FA82-4F02-BB88-909DDFB1FE74}.Release|Win32.ActiveCfg = Release|Win32
		{61D4856F-FA82-4F02-BB88-909DDFB1FE74}.Release|Win32.Build.0 = Release|Win32
		{61D4856F-FA82-4F02-BB88-909DDFB1FE74}.Release|x64.ActiveCfg = Release|x64
		{61D4856F-FA82-4F02-BB88-909DDFB1FE74}.Release|x64.Build.0 = Release|x64
		{61D4856F-FA82-4F02-BB88-909DDFB1FE74}.Release|Xbox 360.ActiveCfg = Release|x64
		{61D4856F-FA82-4F02-BB88-909DDFB1FE74}.Release|Xbox 360.Build.0 = Release|x64
		{219EC965-228A-1824-174D-96449D05F88A}.Debug|Win32.ActiveCfg = Release|Win32
		{219EC965-228A-1824-174D-96449D05F88A}.Debug|Win32.Build.0 = Release|Win32
		{219EC965-228A-1824-174D-96449D05F88A}.Debug|x64.ActiveCfg = Release|x64
		{219EC965-228A-1824-174D-96449D05F88A}.Debug|x64.Build.0 = Release|x64
		{219EC965-228A-1824-174D-96449D05F88A}.Debug|Xbox 360.ActiveCfg = Release|x64
		{219EC965-228A-1824-174D-96449D05F88A}.Debug|Xbox 360.Build.0 = Release|x64
		{219EC965-228A-1824-174D-96449D05F88A}.Release_Dedicated|Win32.ActiveCfg = Release|Win32
		{219EC965-228A-1824-174D-96449D05F88A}.Release_Dedicated|Win32.Build.0 = Release|Win32
		{219EC965-228A-1824-174D-96449D05F88A}.Release_Dedicated|x64.ActiveCfg = Release|x64
		{219EC965-228A-1824-174D-96449D05F88A}.Release_Dedicated|x64.Build.0 = Release|x64
		{219EC965-228A-1824-174D-96449D05F88A}.Release_Dedicated|Xbox 360.ActiveCfg = Release|x64
		{219EC965-228A-1824-174D-96449D05F88A}.Release_Dedicated|Xbox 360.Build.0 = Release|x64
		{219EC965-228A-1824-174D-96449D05F88A}.Release_SSE|Win32.ActiveCfg = Release|Win32
		{219EC965-228A-1824-174D-96449D05F88A}.Release_SSE|Win32.Build.0 = Release|Win32
		{219EC965-228A-1824-174D-96449D05F88A}.Release_SSE|x64.ActiveCfg = Release|x64
		{219EC965-228A-1824-174D-96449D05F88A}.Release_SSE|x64.Build.0 = Release|x64
		{219EC965-228A-1824-174D-96449D05F88A}.Release_SSE|Xbox 360.ActiveCfg = Release|x64
		{219EC965-228A-1824-174D-96449D05F88A}.Release_SSE|Xbox 360.Build.0 = Release|x64
		{219EC965-228A-1824-174D-96449D05F88A}.Release_SSE2|Win32.ActiveCfg = Release|Win32
		{219EC965-228A-1824-174D-96449D05F88A}.Release_SSE2|Win32.Build.0 = Release|Win32
		{219EC965-228A-1824-174D-96449D05F88A}.Release_SSE2|x64.ActiveCfg = Release|x64
		{219EC965-228A-1824-174D-96449D05F88A}.Release_SSE2|x64.Build.0 = Release|x64
		{219EC965-228A-1824-174D-96449D05F88A}.Release_SSE2|Xbox 360.ActiveCfg = Release|x64
		{219EC965-228A-1824-174D-96449D05F88A}.Release_SSE2|Xbox 360.Build.0 = Release|x64
		{219EC965-228A-1824-174D-96449D05F88A}.Release|Win32.ActiveCfg = Release|Win32
		{219EC965-228A-1824-174D-96449D05F88A}.Release|Win32.Build.0 = Release|Win32
		{219EC965-228A-1824-174D-96449D05F88A}.Release|x64.ActiveCfg = Release|x64
		{219EC965-228A-1824-174D-96449D05F88A}.Release|x64.Build.0 = Release|x64
		{219EC965-228A-1824-174D-96449D05F88A}.Release|Xbox 360.ActiveCfg = Release|x64
		{219EC965-228A-1824-174D-96449D05F88A}.Release|Xbox 360.Build.0 = Release|x64
		{03207781-0D1C-4DB3-A71D-45C608F28DBD}.Debug|Win32.ActiveCfg = Release|Win32
		{03207781-0D1C-4DB3-A71D-45C608F28DBD}.Debug|Win32.Build.0 = Release|Win32
		{03207781-0D1C-4DB3-A71D-45C608F28DBD}.Debug|x64.ActiveCfg = Release|x64
		{03207781-0D1C-4DB3-A71D-45C608F28DBD}.Debug|x64.Build.0 = Release|x64
		{03207781-0D1C-4DB3-A71D-45C608F28DBD}.Debug|Xbox 360.ActiveCfg = Release|x64
		{03207781-0D1C-4DB3-A71D-45C608F28DBD}.Debug|Xbox 360.Build.0 = Release|x64
		{03207781-0D1C-4DB3-A71D-45C608F28DBD}.Release_Dedicated|Win32.ActiveCfg = Release|Win32
		{03207781-0D1C-4DB3-A71D-45C608F28DBD}.Release_Dedicated|Win32.Build.0 = Release|Win32
		{03207781-0D1C-4DB3-A71D-45C608F28DBD}.Release_Dedicated|x64.ActiveCfg = Release|x64
		{03207781-0D1C-4DB3-A71D-45C608F28DBD}.Release_Dedicated|x64.Build.0 = Release|x64
		{03207781-0D1C-4DB3-A71D-45C608F28DBD}.Release_Dedicated|Xbox 360.ActiveCfg = Release|x64
		{03207781-0D1C-4DB3-A71D-45C608F28DBD}.Release_Dedicated|Xbox 360.Build.0 = Release|x64
		{03207781-0D1C-4DB3-A71D-45C608F28DBD}.Release_SSE|Win32.ActiveCfg = Release|Win32
		{03207781-0D1C-4DB3-A71D-45C608F28DBD}.Release_SSE|Win32.Build.0 = Release|Win32
		{03207781-0D1C-4DB3-A71D-45C608F28DBD}.Release_SSE|x64.ActiveCfg = Release|x64
		{03207781-0D1C-4DB3-A71D-45C608F28DBD}.Release_SSE|x64.Build.0 = Release|x64
		{03207781-0D1C-4DB3-A71D-45C608F28DBD}.Release_SSE|Xbox 360.ActiveCfg = Release|x64
		{03207781-0D1C-4DB3-A71D-45C608F28DBD}.Release_SSE|Xbox 360.Build.0 = Release|x64
		{03207781-0D1C-4DB3-A71D-45C608F28DBD}.Release_SSE2|Win32.ActiveCfg = Release|Win32
		{03207781-0D1C-4DB3-A71D-45C608F28DBD}.Release_SSE2|Win32.Build.0 = Release|Win32
		{03207781-0D1C-4DB3-A71D-45C608F28DBD}.Release_SSE2|x64.ActiveCfg = Release|x64
		{03207781-0D1C-4DB3-A71D-45C608F28DBD}.Release_SSE2|x64.Build.0 = Release|x64
		{03207781-0D1C-4DB3-A71D-45C608F28DBD}.Release_SSE2|Xbox 360.ActiveCfg = Release|x64
		{03207781-0D1C-4DB3-A71D-45C608F28DBD}.Release_SSE2|Xbox 360.Build.0 = Release|x64
		{03207781-0D1C-4DB3-A71D-45C608F28DBD}.Release|Win32.ActiveCfg = Release|Win32
		{03207781-0D1C-4DB3-A71D-45C608F28DBD}.Release|Win32.Build.0 = Release|Win32
		{03207781-0D1C-4DB3-A71D-45C608F28DBD}.Release|x64.ActiveCfg = Release|x64
		{03207781-0D1C-4DB3-A71D-45C608F28DBD}.Release|x64.Build.0 = Release|x64
		{03207781-0D1C-4DB3-A71D-45C608F28DBD}.Release|Xbox 360.ActiveCfg = Release|x64
		{03207781-0D1C-4DB3-A71D-45C608F28DBD}.Release|Xbox 360.Build.0 = Release|x64
	EndGlobalSection
	GlobalSection(SolutionProperties) = preSolution
		HideSolutionNode = FALSE
	EndGlobalSection
	GlobalSection(NestedProjects) = preSolution
		{8D7A67B7-7CBA-4E8F-835F-76BD34446767} = {2BFC806B-CE92-4EA4-8FE8-5F2EA54BA348}
		{1BF75FEB-87DD-486C-880B-227987D191C2} = {2BFC806B-CE92-4EA4-8FE8-5F2EA54BA348}
		{566551F4-4EF1-4CB4-A131-F982E7606907} = {2BFC806B-CE92-4EA4-8FE8-5F2EA54BA348}
		{0899B131-F1D4-4876-9BA1-67AC821DB9E1} = {3FC858CB-4888-42FF-ABC5-82DAECB59C2C}
		{EF76867B-6EB8-4DC0-A1D6-E964FAD6FC7B} = {89F6A7EE-3BBE-45D3-A8A8-5D9366CD987B}
		{880CD250-BA77-4DAF-A8D4-552F12DD3AE4} = {8D7A67B7-7CBA-4E8F-835F-76BD34446767}
		{E6343391-13FC-479E-B62F-1C24F7B85408} = {8D7A67B7-7CBA-4E8F-835F-76BD34446767}
		{FA169092-EA3E-40C1-8E5A-A2B575700FE8} = {2BFC806B-CE92-4EA4-8FE8-5F2EA54BA348}
		{4C49D3C1-429A-432B-9D0C-EE44310D725F} = {89F6A7EE-3BBE-45D3-A8A8-5D9366CD987B}
		{15CBFEFF-7965-41F5-B4E2-21E8795C9159} = {4C49D3C1-429A-432B-9D0C-EE44310D725F}
		{653F3841-3F26-49B9-AFCF-091DB4B67031} = {4C49D3C1-429A-432B-9D0C-EE44310D725F}
		{3A214E06-B95E-4D61-A291-1F8DF2EC10FD} = {4C49D3C1-429A-432B-9D0C-EE44310D725F}
		{61D4856F-FA82-4F02-BB88-909DDFB1FE74} = {4C49D3C1-429A-432B-9D0C-EE44310D725F}
		{219EC965-228A-1824-174D-96449D05F88A} = {4C49D3C1-429A-432B-9D0C-EE44310D725F}
		{03207781-0D1C-4DB3-A71D-45C608F28DBD} = {4C49D3C1-429A-432B-9D0C-EE44310D725F}
	EndGlobalSection
	GlobalSection(ExtensibilityGlobals) = postSolution
		SolutionGuid = {01F84216-DBE6-4BCB-A2D6-7E6E456BF3B9}
	EndGlobalSection
	GlobalSection(DPCodeReviewSolutionGUID) = preSolution
		DPCodeReviewSolutionGUID = {00000000-0000-0000-0000-000000000000}
	EndGlobalSection
EndGlobal
