
Microsoft Visual Studio Solution File, Format Version 12.00
# Visual Studio Version 17
Project("{2150E333-8FDC-42A3-9474-1A3956D46DE8}") = "CMakePredefinedTargets", "CMakePredefinedTargets", "{FEC75FF0-2D49-33C8-906D-97885773AE2D}"
EndProject
Project("{8BC9CEB8-8B4A-11D0-8D11-00A0C91BC942}") = "ALL_BUILD", "ALL_BUILD.vcxproj", "{C7F83207-643C-31C3-B483-03736524E99F}"
	ProjectSection(ProjectDependencies) = postProject
		{629B553D-8396-30AC-A130-80F51598AF5C} = {629B553D-8396-30AC-A130-80F51598AF5C}
		{F7CC9877-F11C-350C-BE58-0BA2B1CA201E} = {F7CC9877-F11C-350C-BE58-0BA2B1CA201E}
	EndProjectSection
EndProject
Project("{8BC9CEB8-8B4A-11D0-8D11-00A0C91BC942}") = "INSTALL", "INSTALL.vcxproj", "{638DFBF8-87CC-389A-B97D-6ED98FDE79B9}"
	ProjectSection(ProjectDependencies) = postProject
		{C7F83207-643C-31C3-B483-03736524E99F} = {C7F83207-643C-31C3-B483-03736524E99F}
		{629B553D-8396-30AC-A130-80F51598AF5C} = {629B553D-8396-30AC-A130-80F51598AF5C}
	EndProjectSection
EndProject
Project("{8BC9CEB8-8B4A-11D0-8D11-00A0C91BC942}") = "PACKAGE", "PACKAGE.vcxproj", "{87DC1E20-8277-308D-BA97-A1EC0E86FB2E}"
	ProjectSection(ProjectDependencies) = postProject
		{C7F83207-643C-31C3-B483-03736524E99F} = {C7F83207-643C-31C3-B483-03736524E99F}
		{629B553D-8396-30AC-A130-80F51598AF5C} = {629B553D-8396-30AC-A130-80F51598AF5C}
	EndProjectSection
EndProject
Project("{8BC9CEB8-8B4A-11D0-8D11-00A0C91BC942}") = "ZERO_CHECK", "ZERO_CHECK.vcxproj", "{629B553D-8396-30AC-A130-80F51598AF5C}"
	ProjectSection(ProjectDependencies) = postProject
	EndProjectSection
EndProject
Project("{8BC9CEB8-8B4A-11D0-8D11-00A0C91BC942}") = "opus", "opus.vcxproj", "{F7CC9877-F11C-350C-BE58-0BA2B1CA201E}"
	ProjectSection(ProjectDependencies) = postProject
		{629B553D-8396-30AC-A130-80F51598AF5C} = {629B553D-8396-30AC-A130-80F51598AF5C}
	EndProjectSection
EndProject
Global
	GlobalSection(SolutionConfigurationPlatforms) = preSolution
		Debug|x64 = Debug|x64
		Release|x64 = Release|x64
		MinSizeRel|x64 = MinSizeRel|x64
		RelWithDebInfo|x64 = RelWithDebInfo|x64
	EndGlobalSection
	GlobalSection(ProjectConfigurationPlatforms) = postSolution
		{C7F83207-643C-31C3-B483-03736524E99F}.Debug|x64.ActiveCfg = Debug|x64
		{C7F83207-643C-31C3-B483-03736524E99F}.Debug|x64.Build.0 = Debug|x64
		{C7F83207-643C-31C3-B483-03736524E99F}.Release|x64.ActiveCfg = Release|x64
		{C7F83207-643C-31C3-B483-03736524E99F}.Release|x64.Build.0 = Release|x64
		{C7F83207-643C-31C3-B483-03736524E99F}.MinSizeRel|x64.ActiveCfg = MinSizeRel|x64
		{C7F83207-643C-31C3-B483-03736524E99F}.MinSizeRel|x64.Build.0 = MinSizeRel|x64
		{C7F83207-643C-31C3-B483-03736524E99F}.RelWithDebInfo|x64.ActiveCfg = RelWithDebInfo|x64
		{C7F83207-643C-31C3-B483-03736524E99F}.RelWithDebInfo|x64.Build.0 = RelWithDebInfo|x64
		{638DFBF8-87CC-389A-B97D-6ED98FDE79B9}.Debug|x64.ActiveCfg = Debug|x64
		{638DFBF8-87CC-389A-B97D-6ED98FDE79B9}.Release|x64.ActiveCfg = Release|x64
		{638DFBF8-87CC-389A-B97D-6ED98FDE79B9}.MinSizeRel|x64.ActiveCfg = MinSizeRel|x64
		{638DFBF8-87CC-389A-B97D-6ED98FDE79B9}.RelWithDebInfo|x64.ActiveCfg = RelWithDebInfo|x64
		{87DC1E20-8277-308D-BA97-A1EC0E86FB2E}.Debug|x64.ActiveCfg = Debug|x64
		{87DC1E20-8277-308D-BA97-A1EC0E86FB2E}.Release|x64.ActiveCfg = Release|x64
		{87DC1E20-8277-308D-BA97-A1EC0E86FB2E}.MinSizeRel|x64.ActiveCfg = MinSizeRel|x64
		{87DC1E20-8277-308D-BA97-A1EC0E86FB2E}.RelWithDebInfo|x64.ActiveCfg = RelWithDebInfo|x64
		{629B553D-8396-30AC-A130-80F51598AF5C}.Debug|x64.ActiveCfg = Debug|x64
		{629B553D-8396-30AC-A130-80F51598AF5C}.Debug|x64.Build.0 = Debug|x64
		{629B553D-8396-30AC-A130-80F51598AF5C}.Release|x64.ActiveCfg = Release|x64
		{629B553D-8396-30AC-A130-80F51598AF5C}.Release|x64.Build.0 = Release|x64
		{629B553D-8396-30AC-A130-80F51598AF5C}.MinSizeRel|x64.ActiveCfg = MinSizeRel|x64
		{629B553D-8396-30AC-A130-80F51598AF5C}.MinSizeRel|x64.Build.0 = MinSizeRel|x64
		{629B553D-8396-30AC-A130-80F51598AF5C}.RelWithDebInfo|x64.ActiveCfg = RelWithDebInfo|x64
		{629B553D-8396-30AC-A130-80F51598AF5C}.RelWithDebInfo|x64.Build.0 = RelWithDebInfo|x64
		{F7CC9877-F11C-350C-BE58-0BA2B1CA201E}.Debug|x64.ActiveCfg = Debug|x64
		{F7CC9877-F11C-350C-BE58-0BA2B1CA201E}.Debug|x64.Build.0 = Debug|x64
		{F7CC9877-F11C-350C-BE58-0BA2B1CA201E}.Release|x64.ActiveCfg = Release|x64
		{F7CC9877-F11C-350C-BE58-0BA2B1CA201E}.Release|x64.Build.0 = Release|x64
		{F7CC9877-F11C-350C-BE58-0BA2B1CA201E}.MinSizeRel|x64.ActiveCfg = MinSizeRel|x64
		{F7CC9877-F11C-350C-BE58-0BA2B1CA201E}.MinSizeRel|x64.Build.0 = MinSizeRel|x64
		{F7CC9877-F11C-350C-BE58-0BA2B1CA201E}.RelWithDebInfo|x64.ActiveCfg = RelWithDebInfo|x64
		{F7CC9877-F11C-350C-BE58-0BA2B1CA201E}.RelWithDebInfo|x64.Build.0 = RelWithDebInfo|x64
	EndGlobalSection
	GlobalSection(NestedProjects) = preSolution
		{C7F83207-643C-31C3-B483-03736524E99F} = {FEC75FF0-2D49-33C8-906D-97885773AE2D}
		{638DFBF8-87CC-389A-B97D-6ED98FDE79B9} = {FEC75FF0-2D49-33C8-906D-97885773AE2D}
		{87DC1E20-8277-308D-BA97-A1EC0E86FB2E} = {FEC75FF0-2D49-33C8-906D-97885773AE2D}
		{629B553D-8396-30AC-A130-80F51598AF5C} = {FEC75FF0-2D49-33C8-906D-97885773AE2D}
	EndGlobalSection
	GlobalSection(ExtensibilityGlobals) = postSolution
		SolutionGuid = {8A7CE933-718C-3419-BC10-59540F36DC72}
	EndGlobalSection
	GlobalSection(ExtensibilityAddIns) = postSolution
	EndGlobalSection
EndGlobal
